// !$*UTF8*$!
{
	archiveVersion = 1;
	classes = {
	};
	objectVersion = 46;
	objects = {

/* Begin PBXBuildFile section */
		19C8B7A21C9C47660044D0C3 /* main.m in Sources */ = {isa = PBXBuildFile; fileRef = 19C8B7A11C9C47660044D0C3 /* main.m */; };
		19C8B7A51C9C47660044D0C3 /* AppDelegate.m in Sources */ = {isa = PBXBuildFile; fileRef = 19C8B7A41C9C47660044D0C3 /* AppDelegate.m */; };
		19C8B7AB1C9C47660044D0C3 /* Main.storyboard in Resources */ = {isa = PBXBuildFile; fileRef = 19C8B7A91C9C47660044D0C3 /* Main.storyboard */; };
		19C8B7AD1C9C47660044D0C3 /* Assets.xcassets in Resources */ = {isa = PBXBuildFile; fileRef = 19C8B7AC1C9C47660044D0C3 /* Assets.xcassets */; };
		19C8B7B01C9C47660044D0C3 /* LaunchScreen.storyboard in Resources */ = {isa = PBXBuildFile; fileRef = 19C8B7AE1C9C47660044D0C3 /* LaunchScreen.storyboard */; };
		19C8B7DB1C9D2CDB0044D0C3 /* BaseCell.m in Sources */ = {isa = PBXBuildFile; fileRef = 19C8B7DA1C9D2CDB0044D0C3 /* BaseCell.m */; };
		19C8B7E41C9D575D0044D0C3 /* HttpTool.m in Sources */ = {isa = PBXBuildFile; fileRef = 19C8B7E31C9D575D0044D0C3 /* HttpTool.m */; };
		19C8B8021C9E773D0044D0C3 /* NSString+Safe.m in Sources */ = {isa = PBXBuildFile; fileRef = 19C8B8011C9E773D0044D0C3 /* NSString+Safe.m */; };
		19C8B8091C9E77AF0044D0C3 /* MamaInfoCell.m in Sources */ = {isa = PBXBuildFile; fileRef = 19C8B8061C9E77AF0044D0C3 /* MamaInfoCell.m */; };
		19C8B80A1C9E77AF0044D0C3 /* PersonalCenterCell.m in Sources */ = {isa = PBXBuildFile; fileRef = 19C8B8081C9E77AF0044D0C3 /* PersonalCenterCell.m */; };
		19C8B80D1C9E77CA0044D0C3 /* MamaAvatarCell.m in Sources */ = {isa = PBXBuildFile; fileRef = 19C8B80C1C9E77CA0044D0C3 /* MamaAvatarCell.m */; };
		19C8B81F1C9E850F0044D0C3 /* MeBabyInfoItem.m in Sources */ = {isa = PBXBuildFile; fileRef = 19C8B8161C9E850F0044D0C3 /* MeBabyInfoItem.m */; };
		19C8B8201C9E850F0044D0C3 /* MeGroup.m in Sources */ = {isa = PBXBuildFile; fileRef = 19C8B8181C9E850F0044D0C3 /* MeGroup.m */; };
		19C8B8211C9E850F0044D0C3 /* MeLableItem.m in Sources */ = {isa = PBXBuildFile; fileRef = 19C8B81A1C9E850F0044D0C3 /* MeLableItem.m */; };
		19C8B8221C9E850F0044D0C3 /* PersonalCenter.m in Sources */ = {isa = PBXBuildFile; fileRef = 19C8B81C1C9E850F0044D0C3 /* PersonalCenter.m */; };
		19C8B82D1C9E93030044D0C3 /* ImageItem.m in Sources */ = {isa = PBXBuildFile; fileRef = 19C8B82C1C9E93030044D0C3 /* ImageItem.m */; };
		19C8B8381C9E95040044D0C3 /* BabyAddInfoCell.m in Sources */ = {isa = PBXBuildFile; fileRef = 19C8B8351C9E95040044D0C3 /* BabyAddInfoCell.m */; };
		19C8B8391C9E95040044D0C3 /* BabyDetailsCell.m in Sources */ = {isa = PBXBuildFile; fileRef = 19C8B8371C9E95040044D0C3 /* BabyDetailsCell.m */; };
		19C8B8411C9EA8E10044D0C3 /* ModifyNameVC.m in Sources */ = {isa = PBXBuildFile; fileRef = 19C8B8401C9EA8E10044D0C3 /* ModifyNameVC.m */; };
		19C8B8441C9EA8FC0044D0C3 /* ModifyNameCell.m in Sources */ = {isa = PBXBuildFile; fileRef = 19C8B8431C9EA8FC0044D0C3 /* ModifyNameCell.m */; };
		19C8B8481C9EC9A60044D0C3 /* AddBabyVC.m in Sources */ = {isa = PBXBuildFile; fileRef = 19C8B8471C9EC9A60044D0C3 /* AddBabyVC.m */; };
		19C8B85A1C9F98040044D0C3 /* Baby.m in Sources */ = {isa = PBXBuildFile; fileRef = 19C8B8551C9F98040044D0C3 /* Baby.m */; };
		19C8B85B1C9F98040044D0C3 /* Mother.m in Sources */ = {isa = PBXBuildFile; fileRef = 19C8B8571C9F98040044D0C3 /* Mother.m */; };
		19C8B85C1C9F98040044D0C3 /* PersonBase.m in Sources */ = {isa = PBXBuildFile; fileRef = 19C8B8591C9F98040044D0C3 /* PersonBase.m */; };
		19C8B8641C9FB0590044D0C3 /* PersonalCenterVC.m in Sources */ = {isa = PBXBuildFile; fileRef = 19C8B8611C9FB0590044D0C3 /* PersonalCenterVC.m */; };
		19C8B8651C9FB0590044D0C3 /* PersonalInfoVC.m in Sources */ = {isa = PBXBuildFile; fileRef = 19C8B8631C9FB0590044D0C3 /* PersonalInfoVC.m */; };
		19C8B86D1C9FB0740044D0C3 /* BaseVC.m in Sources */ = {isa = PBXBuildFile; fileRef = 19C8B8681C9FB0740044D0C3 /* BaseVC.m */; };
		19C8B86E1C9FB0740044D0C3 /* CustomNavgationButtonVC.m in Sources */ = {isa = PBXBuildFile; fileRef = 19C8B86A1C9FB0740044D0C3 /* CustomNavgationButtonVC.m */; };
		19C8B86F1C9FB0740044D0C3 /* LoginVC.m in Sources */ = {isa = PBXBuildFile; fileRef = 19C8B86C1C9FB0740044D0C3 /* LoginVC.m */; };
		19C8B87E1C9FDC970044D0C3 /* BabySexVC.m in Sources */ = {isa = PBXBuildFile; fileRef = 19C8B87C1C9FDC970044D0C3 /* BabySexVC.m */; };
		19C8B8811C9FDCB80044D0C3 /* ModifyBabyInfoVC.m in Sources */ = {isa = PBXBuildFile; fileRef = 19C8B8801C9FDCB80044D0C3 /* ModifyBabyInfoVC.m */; };
		19C8B8891C9FE8080044D0C3 /* ModifyMeInfoTool.m in Sources */ = {isa = PBXBuildFile; fileRef = 19C8B8881C9FE8080044D0C3 /* ModifyMeInfoTool.m */; };
		E8BBEB2AEE6786848DA8F7D9 /* libPods.a in Frameworks */ = {isa = PBXBuildFile; fileRef = 4BAEB6C4966ACADBEAB3DBAD /* libPods.a */; };
/* End PBXBuildFile section */

/* Begin PBXFileReference section */
		19C8B79D1C9C47660044D0C3 /* TestLanding.app */ = {isa = PBXFileReference; explicitFileType = wrapper.application; includeInIndex = 0; path = TestLanding.app; sourceTree = BUILT_PRODUCTS_DIR; };
		19C8B7A11C9C47660044D0C3 /* main.m */ = {isa = PBXFileReference; lastKnownFileType = sourcecode.c.objc; path = main.m; sourceTree = "<group>"; };
		19C8B7A31C9C47660044D0C3 /* AppDelegate.h */ = {isa = PBXFileReference; lastKnownFileType = sourcecode.c.h; path = AppDelegate.h; sourceTree = "<group>"; };
		19C8B7A41C9C47660044D0C3 /* AppDelegate.m */ = {isa = PBXFileReference; lastKnownFileType = sourcecode.c.objc; path = AppDelegate.m; sourceTree = "<group>"; };
		19C8B7AA1C9C47660044D0C3 /* Base */ = {isa = PBXFileReference; lastKnownFileType = file.storyboard; name = Base; path = Base.lproj/Main.storyboard; sourceTree = "<group>"; };
		19C8B7AC1C9C47660044D0C3 /* Assets.xcassets */ = {isa = PBXFileReference; lastKnownFileType = folder.assetcatalog; path = Assets.xcassets; sourceTree = "<group>"; };
		19C8B7AF1C9C47660044D0C3 /* Base */ = {isa = PBXFileReference; lastKnownFileType = file.storyboard; name = Base; path = Base.lproj/LaunchScreen.storyboard; sourceTree = "<group>"; };
		19C8B7B11C9C47660044D0C3 /* Info.plist */ = {isa = PBXFileReference; lastKnownFileType = text.plist.xml; path = Info.plist; sourceTree = "<group>"; };
		19C8B7D91C9D2CDB0044D0C3 /* BaseCell.h */ = {isa = PBXFileReference; fileEncoding = 4; lastKnownFileType = sourcecode.c.h; path = BaseCell.h; sourceTree = "<group>"; };
		19C8B7DA1C9D2CDB0044D0C3 /* BaseCell.m */ = {isa = PBXFileReference; fileEncoding = 4; lastKnownFileType = sourcecode.c.objc; path = BaseCell.m; sourceTree = "<group>"; };
		19C8B7E21C9D575D0044D0C3 /* HttpTool.h */ = {isa = PBXFileReference; fileEncoding = 4; lastKnownFileType = sourcecode.c.h; name = HttpTool.h; path = TestLanding/Basics/HttpTool.h; sourceTree = SOURCE_ROOT; };
		19C8B7E31C9D575D0044D0C3 /* HttpTool.m */ = {isa = PBXFileReference; fileEncoding = 4; lastKnownFileType = sourcecode.c.objc; name = HttpTool.m; path = TestLanding/Basics/HttpTool.m; sourceTree = SOURCE_ROOT; };
		19C8B8001C9E773D0044D0C3 /* NSString+Safe.h */ = {isa = PBXFileReference; fileEncoding = 4; lastKnownFileType = sourcecode.c.h; path = "NSString+Safe.h"; sourceTree = "<group>"; };
		19C8B8011C9E773D0044D0C3 /* NSString+Safe.m */ = {isa = PBXFileReference; fileEncoding = 4; lastKnownFileType = sourcecode.c.objc; path = "NSString+Safe.m"; sourceTree = "<group>"; };
		19C8B8051C9E77AF0044D0C3 /* MamaInfoCell.h */ = {isa = PBXFileReference; fileEncoding = 4; lastKnownFileType = sourcecode.c.h; path = MamaInfoCell.h; sourceTree = "<group>"; };
		19C8B8061C9E77AF0044D0C3 /* MamaInfoCell.m */ = {isa = PBXFileReference; fileEncoding = 4; lastKnownFileType = sourcecode.c.objc; path = MamaInfoCell.m; sourceTree = "<group>"; };
		19C8B8071C9E77AF0044D0C3 /* PersonalCenterCell.h */ = {isa = PBXFileReference; fileEncoding = 4; lastKnownFileType = sourcecode.c.h; path = PersonalCenterCell.h; sourceTree = "<group>"; };
		19C8B8081C9E77AF0044D0C3 /* PersonalCenterCell.m */ = {isa = PBXFileReference; fileEncoding = 4; lastKnownFileType = sourcecode.c.objc; path = PersonalCenterCell.m; sourceTree = "<group>"; };
		19C8B80B1C9E77CA0044D0C3 /* MamaAvatarCell.h */ = {isa = PBXFileReference; fileEncoding = 4; lastKnownFileType = sourcecode.c.h; path = MamaAvatarCell.h; sourceTree = "<group>"; };
		19C8B80C1C9E77CA0044D0C3 /* MamaAvatarCell.m */ = {isa = PBXFileReference; fileEncoding = 4; lastKnownFileType = sourcecode.c.objc; path = MamaAvatarCell.m; sourceTree = "<group>"; };
		19C8B8151C9E850F0044D0C3 /* MeBabyInfoItem.h */ = {isa = PBXFileReference; fileEncoding = 4; lastKnownFileType = sourcecode.c.h; path = MeBabyInfoItem.h; sourceTree = "<group>"; };
		19C8B8161C9E850F0044D0C3 /* MeBabyInfoItem.m */ = {isa = PBXFileReference; fileEncoding = 4; lastKnownFileType = sourcecode.c.objc; path = MeBabyInfoItem.m; sourceTree = "<group>"; };
		19C8B8171C9E850F0044D0C3 /* MeGroup.h */ = {isa = PBXFileReference; fileEncoding = 4; lastKnownFileType = sourcecode.c.h; path = MeGroup.h; sourceTree = "<group>"; };
		19C8B8181C9E850F0044D0C3 /* MeGroup.m */ = {isa = PBXFileReference; fileEncoding = 4; lastKnownFileType = sourcecode.c.objc; path = MeGroup.m; sourceTree = "<group>"; };
		19C8B8191C9E850F0044D0C3 /* MeLableItem.h */ = {isa = PBXFileReference; fileEncoding = 4; lastKnownFileType = sourcecode.c.h; path = MeLableItem.h; sourceTree = "<group>"; };
		19C8B81A1C9E850F0044D0C3 /* MeLableItem.m */ = {isa = PBXFileReference; fileEncoding = 4; lastKnownFileType = sourcecode.c.objc; path = MeLableItem.m; sourceTree = "<group>"; };
		19C8B81B1C9E850F0044D0C3 /* PersonalCenter.h */ = {isa = PBXFileReference; fileEncoding = 4; lastKnownFileType = sourcecode.c.h; path = PersonalCenter.h; sourceTree = "<group>"; };
		19C8B81C1C9E850F0044D0C3 /* PersonalCenter.m */ = {isa = PBXFileReference; fileEncoding = 4; lastKnownFileType = sourcecode.c.objc; path = PersonalCenter.m; sourceTree = "<group>"; };
		19C8B82B1C9E93030044D0C3 /* ImageItem.h */ = {isa = PBXFileReference; fileEncoding = 4; lastKnownFileType = sourcecode.c.h; path = ImageItem.h; sourceTree = "<group>"; };
		19C8B82C1C9E93030044D0C3 /* ImageItem.m */ = {isa = PBXFileReference; fileEncoding = 4; lastKnownFileType = sourcecode.c.objc; path = ImageItem.m; sourceTree = "<group>"; };
		19C8B8341C9E95040044D0C3 /* BabyAddInfoCell.h */ = {isa = PBXFileReference; fileEncoding = 4; lastKnownFileType = sourcecode.c.h; path = BabyAddInfoCell.h; sourceTree = "<group>"; };
		19C8B8351C9E95040044D0C3 /* BabyAddInfoCell.m */ = {isa = PBXFileReference; fileEncoding = 4; lastKnownFileType = sourcecode.c.objc; path = BabyAddInfoCell.m; sourceTree = "<group>"; };
		19C8B8361C9E95040044D0C3 /* BabyDetailsCell.h */ = {isa = PBXFileReference; fileEncoding = 4; lastKnownFileType = sourcecode.c.h; path = BabyDetailsCell.h; sourceTree = "<group>"; };
		19C8B8371C9E95040044D0C3 /* BabyDetailsCell.m */ = {isa = PBXFileReference; fileEncoding = 4; lastKnownFileType = sourcecode.c.objc; path = BabyDetailsCell.m; sourceTree = "<group>"; };
		19C8B83F1C9EA8E10044D0C3 /* ModifyNameVC.h */ = {isa = PBXFileReference; fileEncoding = 4; lastKnownFileType = sourcecode.c.h; path = ModifyNameVC.h; sourceTree = "<group>"; };
		19C8B8401C9EA8E10044D0C3 /* ModifyNameVC.m */ = {isa = PBXFileReference; fileEncoding = 4; lastKnownFileType = sourcecode.c.objc; path = ModifyNameVC.m; sourceTree = "<group>"; };
		19C8B8421C9EA8FC0044D0C3 /* ModifyNameCell.h */ = {isa = PBXFileReference; fileEncoding = 4; lastKnownFileType = sourcecode.c.h; path = ModifyNameCell.h; sourceTree = "<group>"; };
		19C8B8431C9EA8FC0044D0C3 /* ModifyNameCell.m */ = {isa = PBXFileReference; fileEncoding = 4; lastKnownFileType = sourcecode.c.objc; path = ModifyNameCell.m; sourceTree = "<group>"; };
		19C8B8461C9EC9A60044D0C3 /* AddBabyVC.h */ = {isa = PBXFileReference; fileEncoding = 4; lastKnownFileType = sourcecode.c.h; path = AddBabyVC.h; sourceTree = "<group>"; };
		19C8B8471C9EC9A60044D0C3 /* AddBabyVC.m */ = {isa = PBXFileReference; fileEncoding = 4; lastKnownFileType = sourcecode.c.objc; path = AddBabyVC.m; sourceTree = "<group>"; };
		19C8B8541C9F98040044D0C3 /* Baby.h */ = {isa = PBXFileReference; fileEncoding = 4; lastKnownFileType = sourcecode.c.h; path = Baby.h; sourceTree = "<group>"; };
		19C8B8551C9F98040044D0C3 /* Baby.m */ = {isa = PBXFileReference; fileEncoding = 4; lastKnownFileType = sourcecode.c.objc; path = Baby.m; sourceTree = "<group>"; };
		19C8B8561C9F98040044D0C3 /* Mother.h */ = {isa = PBXFileReference; fileEncoding = 4; lastKnownFileType = sourcecode.c.h; path = Mother.h; sourceTree = "<group>"; };
		19C8B8571C9F98040044D0C3 /* Mother.m */ = {isa = PBXFileReference; fileEncoding = 4; lastKnownFileType = sourcecode.c.objc; path = Mother.m; sourceTree = "<group>"; };
		19C8B8581C9F98040044D0C3 /* PersonBase.h */ = {isa = PBXFileReference; fileEncoding = 4; lastKnownFileType = sourcecode.c.h; path = PersonBase.h; sourceTree = "<group>"; };
		19C8B8591C9F98040044D0C3 /* PersonBase.m */ = {isa = PBXFileReference; fileEncoding = 4; lastKnownFileType = sourcecode.c.objc; path = PersonBase.m; sourceTree = "<group>"; };
		19C8B85E1C9F9C500044D0C3 /* Gender.h */ = {isa = PBXFileReference; fileEncoding = 4; lastKnownFileType = sourcecode.c.h; path = Gender.h; sourceTree = "<group>"; };
		19C8B8601C9FB0590044D0C3 /* PersonalCenterVC.h */ = {isa = PBXFileReference; fileEncoding = 4; lastKnownFileType = sourcecode.c.h; path = PersonalCenterVC.h; sourceTree = "<group>"; };
		19C8B8611C9FB0590044D0C3 /* PersonalCenterVC.m */ = {isa = PBXFileReference; fileEncoding = 4; lastKnownFileType = sourcecode.c.objc; path = PersonalCenterVC.m; sourceTree = "<group>"; };
		19C8B8621C9FB0590044D0C3 /* PersonalInfoVC.h */ = {isa = PBXFileReference; fileEncoding = 4; lastKnownFileType = sourcecode.c.h; path = PersonalInfoVC.h; sourceTree = "<group>"; };
		19C8B8631C9FB0590044D0C3 /* PersonalInfoVC.m */ = {isa = PBXFileReference; fileEncoding = 4; lastKnownFileType = sourcecode.c.objc; path = PersonalInfoVC.m; sourceTree = "<group>"; };
		19C8B8671C9FB0740044D0C3 /* BaseVC.h */ = {isa = PBXFileReference; fileEncoding = 4; lastKnownFileType = sourcecode.c.h; path = BaseVC.h; sourceTree = "<group>"; };
		19C8B8681C9FB0740044D0C3 /* BaseVC.m */ = {isa = PBXFileReference; fileEncoding = 4; lastKnownFileType = sourcecode.c.objc; path = BaseVC.m; sourceTree = "<group>"; };
		19C8B8691C9FB0740044D0C3 /* CustomNavgationButtonVC.h */ = {isa = PBXFileReference; fileEncoding = 4; lastKnownFileType = sourcecode.c.h; path = CustomNavgationButtonVC.h; sourceTree = "<group>"; };
		19C8B86A1C9FB0740044D0C3 /* CustomNavgationButtonVC.m */ = {isa = PBXFileReference; fileEncoding = 4; lastKnownFileType = sourcecode.c.objc; path = CustomNavgationButtonVC.m; sourceTree = "<group>"; };
		19C8B86B1C9FB0740044D0C3 /* LoginVC.h */ = {isa = PBXFileReference; fileEncoding = 4; lastKnownFileType = sourcecode.c.h; path = LoginVC.h; sourceTree = "<group>"; };
		19C8B86C1C9FB0740044D0C3 /* LoginVC.m */ = {isa = PBXFileReference; fileEncoding = 4; lastKnownFileType = sourcecode.c.objc; path = LoginVC.m; sourceTree = "<group>"; };
		19C8B87B1C9FDC970044D0C3 /* BabySexVC.h */ = {isa = PBXFileReference; fileEncoding = 4; lastKnownFileType = sourcecode.c.h; path = BabySexVC.h; sourceTree = "<group>"; };
		19C8B87C1C9FDC970044D0C3 /* BabySexVC.m */ = {isa = PBXFileReference; fileEncoding = 4; lastKnownFileType = sourcecode.c.objc; path = BabySexVC.m; sourceTree = "<group>"; };
		19C8B87F1C9FDCB80044D0C3 /* ModifyBabyInfoVC.h */ = {isa = PBXFileReference; fileEncoding = 4; lastKnownFileType = sourcecode.c.h; path = ModifyBabyInfoVC.h; sourceTree = "<group>"; };
		19C8B8801C9FDCB80044D0C3 /* ModifyBabyInfoVC.m */ = {isa = PBXFileReference; fileEncoding = 4; lastKnownFileType = sourcecode.c.objc; path = ModifyBabyInfoVC.m; sourceTree = "<group>"; };
		19C8B8871C9FE8080044D0C3 /* ModifyMeInfoTool.h */ = {isa = PBXFileReference; fileEncoding = 4; lastKnownFileType = sourcecode.c.h; path = ModifyMeInfoTool.h; sourceTree = "<group>"; };
		19C8B8881C9FE8080044D0C3 /* ModifyMeInfoTool.m */ = {isa = PBXFileReference; fileEncoding = 4; lastKnownFileType = sourcecode.c.objc; path = ModifyMeInfoTool.m; sourceTree = "<group>"; };
		4BAEB6C4966ACADBEAB3DBAD /* libPods.a */ = {isa = PBXFileReference; explicitFileType = archive.ar; includeInIndex = 0; path = libPods.a; sourceTree = BUILT_PRODUCTS_DIR; };
		BFEC5CD80932C2E947128884 /* Pods.release.xcconfig */ = {isa = PBXFileReference; includeInIndex = 1; lastKnownFileType = text.xcconfig; name = Pods.release.xcconfig; path = "Pods/Target Support Files/Pods/Pods.release.xcconfig"; sourceTree = "<group>"; };
		C374A337BA9574433C04C3C5 /* Pods.debug.xcconfig */ = {isa = PBXFileReference; includeInIndex = 1; lastKnownFileType = text.xcconfig; name = Pods.debug.xcconfig; path = "Pods/Target Support Files/Pods/Pods.debug.xcconfig"; sourceTree = "<group>"; };
/* End PBXFileReference section */

/* Begin PBXFrameworksBuildPhase section */
		19C8B79A1C9C47660044D0C3 /* Frameworks */ = {
			isa = PBXFrameworksBuildPhase;
			buildActionMask = 2147483647;
			files = (
				E8BBEB2AEE6786848DA8F7D9 /* libPods.a in Frameworks */,
			);
			runOnlyForDeploymentPostprocessing = 0;
		};
/* End PBXFrameworksBuildPhase section */

/* Begin PBXGroup section */
		13555138E36DC8D4480F53FC /* Pods */ = {
			isa = PBXGroup;
			children = (
				C374A337BA9574433C04C3C5 /* Pods.debug.xcconfig */,
				BFEC5CD80932C2E947128884 /* Pods.release.xcconfig */,
			);
			name = Pods;
			sourceTree = "<group>";
		};
		19C8B7941C9C47660044D0C3 = {
			isa = PBXGroup;
			children = (
				19C8B79F1C9C47660044D0C3 /* TestLanding */,
				19C8B79E1C9C47660044D0C3 /* Products */,
				13555138E36DC8D4480F53FC /* Pods */,
				D2B999AF3FF06A5A3228B62F /* Frameworks */,
			);
			sourceTree = "<group>";
		};
		19C8B79E1C9C47660044D0C3 /* Products */ = {
			isa = PBXGroup;
			children = (
				19C8B79D1C9C47660044D0C3 /* TestLanding.app */,
			);
			name = Products;
			sourceTree = "<group>";
		};
		19C8B79F1C9C47660044D0C3 /* TestLanding */ = {
			isa = PBXGroup;
			children = (
				19C8B7A31C9C47660044D0C3 /* AppDelegate.h */,
				19C8B7A41C9C47660044D0C3 /* AppDelegate.m */,
				19C8B7C41C9D2C4D0044D0C3 /* Api */,
				19C8B7B71C9C48E80044D0C3 /* Basics */,
				19C8B7A91C9C47660044D0C3 /* Main.storyboard */,
				19C8B7AC1C9C47660044D0C3 /* Assets.xcassets */,
				19C8B7AE1C9C47660044D0C3 /* LaunchScreen.storyboard */,
				19C8B7B11C9C47660044D0C3 /* Info.plist */,
				19C8B7A01C9C47660044D0C3 /* Supporting Files */,
			);
			path = TestLanding;
			sourceTree = "<group>";
		};
		19C8B7A01C9C47660044D0C3 /* Supporting Files */ = {
			isa = PBXGroup;
			children = (
				19C8B7A11C9C47660044D0C3 /* main.m */,
			);
			name = "Supporting Files";
			sourceTree = "<group>";
		};
		19C8B7B71C9C48E80044D0C3 /* Basics */ = {
			isa = PBXGroup;
			children = (
				19C8B7E21C9D575D0044D0C3 /* HttpTool.h */,
				19C8B7E31C9D575D0044D0C3 /* HttpTool.m */,
				19C8B8531C9F98040044D0C3 /* Personal */,
				19C8B8141C9E850F0044D0C3 /* PersonalInfo */,
			);
			path = Basics;
			sourceTree = "<group>";
		};
		19C8B7C41C9D2C4D0044D0C3 /* Api */ = {
			isa = PBXGroup;
			children = (
				19C8B85D1C9F9C500044D0C3 /* enum */,
				19C8B7FE1C9E773D0044D0C3 /* Category */,
				19C8B8861C9FE8080044D0C3 /* ModifyMeInfoTool */,
				19C8B7D11C9D2CBE0044D0C3 /* BaseVC */,
				19C8B7CE1C9D2CBE0044D0C3 /* BaseCell */,
			);
			path = Api;
			sourceTree = "<group>";
		};
		19C8B7CE1C9D2CBE0044D0C3 /* BaseCell */ = {
			isa = PBXGroup;
			children = (
				19C8B7D91C9D2CDB0044D0C3 /* BaseCell.h */,
				19C8B7DA1C9D2CDB0044D0C3 /* BaseCell.m */,
				19C8B8031C9E77AF0044D0C3 /* BabyInfo */,
				19C8B8041C9E77AF0044D0C3 /* MamaInfo */,
			);
			path = BaseCell;
			sourceTree = "<group>";
		};
		19C8B7D11C9D2CBE0044D0C3 /* BaseVC */ = {
			isa = PBXGroup;
			children = (
				19C8B8661C9FB0740044D0C3 /* Base */,
				19C8B85F1C9FB0590044D0C3 /* Personal */,
				19C8B83E1C9EA8E10044D0C3 /* ModifyName */,
				19C8B8451C9EC98B0044D0C3 /* AddBaby */,
				19C8B8781C9FDC970044D0C3 /* Sex */,
				19C8B8771C9FDC590044D0C3 /* ModifyBabyInfo */,
			);
			path = BaseVC;
			sourceTree = "<group>";
		};
		19C8B7FE1C9E773D0044D0C3 /* Category */ = {
			isa = PBXGroup;
			children = (
				19C8B7FF1C9E773D0044D0C3 /* NSString+Safe */,
			);
			path = Category;
			sourceTree = "<group>";
		};
		19C8B7FF1C9E773D0044D0C3 /* NSString+Safe */ = {
			isa = PBXGroup;
			children = (
				19C8B8001C9E773D0044D0C3 /* NSString+Safe.h */,
				19C8B8011C9E773D0044D0C3 /* NSString+Safe.m */,
			);
			path = "NSString+Safe";
			sourceTree = "<group>";
		};
		19C8B8031C9E77AF0044D0C3 /* BabyInfo */ = {
			isa = PBXGroup;
			children = (
				19C8B8341C9E95040044D0C3 /* BabyAddInfoCell.h */,
				19C8B8351C9E95040044D0C3 /* BabyAddInfoCell.m */,
				19C8B8361C9E95040044D0C3 /* BabyDetailsCell.h */,
				19C8B8371C9E95040044D0C3 /* BabyDetailsCell.m */,
			);
			path = BabyInfo;
			sourceTree = "<group>";
		};
		19C8B8041C9E77AF0044D0C3 /* MamaInfo */ = {
			isa = PBXGroup;
			children = (
				19C8B8051C9E77AF0044D0C3 /* MamaInfoCell.h */,
				19C8B8061C9E77AF0044D0C3 /* MamaInfoCell.m */,
				19C8B8071C9E77AF0044D0C3 /* PersonalCenterCell.h */,
				19C8B8081C9E77AF0044D0C3 /* PersonalCenterCell.m */,
				19C8B80B1C9E77CA0044D0C3 /* MamaAvatarCell.h */,
				19C8B80C1C9E77CA0044D0C3 /* MamaAvatarCell.m */,
			);
			path = MamaInfo;
			sourceTree = "<group>";
		};
		19C8B8141C9E850F0044D0C3 /* PersonalInfo */ = {
			isa = PBXGroup;
			children = (
				19C8B81B1C9E850F0044D0C3 /* PersonalCenter.h */,
				19C8B81C1C9E850F0044D0C3 /* PersonalCenter.m */,
				19C8B82B1C9E93030044D0C3 /* ImageItem.h */,
				19C8B82C1C9E93030044D0C3 /* ImageItem.m */,
				19C8B8151C9E850F0044D0C3 /* MeBabyInfoItem.h */,
				19C8B8161C9E850F0044D0C3 /* MeBabyInfoItem.m */,
				19C8B8171C9E850F0044D0C3 /* MeGroup.h */,
				19C8B8181C9E850F0044D0C3 /* MeGroup.m */,
				19C8B8191C9E850F0044D0C3 /* MeLableItem.h */,
				19C8B81A1C9E850F0044D0C3 /* MeLableItem.m */,
			);
			path = PersonalInfo;
			sourceTree = "<group>";
		};
		19C8B83E1C9EA8E10044D0C3 /* ModifyName */ = {
			isa = PBXGroup;
			children = (
				19C8B83F1C9EA8E10044D0C3 /* ModifyNameVC.h */,
				19C8B8401C9EA8E10044D0C3 /* ModifyNameVC.m */,
				19C8B8421C9EA8FC0044D0C3 /* ModifyNameCell.h */,
				19C8B8431C9EA8FC0044D0C3 /* ModifyNameCell.m */,
			);
			path = ModifyName;
			sourceTree = "<group>";
		};
		19C8B8451C9EC98B0044D0C3 /* AddBaby */ = {
			isa = PBXGroup;
			children = (
				19C8B8461C9EC9A60044D0C3 /* AddBabyVC.h */,
				19C8B8471C9EC9A60044D0C3 /* AddBabyVC.m */,
			);
			path = AddBaby;
			sourceTree = "<group>";
		};
		19C8B8531C9F98040044D0C3 /* Personal */ = {
			isa = PBXGroup;
			children = (
				19C8B8581C9F98040044D0C3 /* PersonBase.h */,
				19C8B8591C9F98040044D0C3 /* PersonBase.m */,
				19C8B8561C9F98040044D0C3 /* Mother.h */,
				19C8B8571C9F98040044D0C3 /* Mother.m */,
				19C8B8541C9F98040044D0C3 /* Baby.h */,
				19C8B8551C9F98040044D0C3 /* Baby.m */,
			);
			path = Personal;
			sourceTree = "<group>";
		};
		19C8B85D1C9F9C500044D0C3 /* enum */ = {
			isa = PBXGroup;
			children = (
				19C8B85E1C9F9C500044D0C3 /* Gender.h */,
			);
			path = enum;
			sourceTree = "<group>";
		};
		19C8B85F1C9FB0590044D0C3 /* Personal */ = {
			isa = PBXGroup;
			children = (
				19C8B8601C9FB0590044D0C3 /* PersonalCenterVC.h */,
				19C8B8611C9FB0590044D0C3 /* PersonalCenterVC.m */,
				19C8B8621C9FB0590044D0C3 /* PersonalInfoVC.h */,
				19C8B8631C9FB0590044D0C3 /* PersonalInfoVC.m */,
			);
			path = Personal;
			sourceTree = "<group>";
		};
		19C8B8661C9FB0740044D0C3 /* Base */ = {
			isa = PBXGroup;
			children = (
				19C8B8671C9FB0740044D0C3 /* BaseVC.h */,
				19C8B8681C9FB0740044D0C3 /* BaseVC.m */,
				19C8B8691C9FB0740044D0C3 /* CustomNavgationButtonVC.h */,
				19C8B86A1C9FB0740044D0C3 /* CustomNavgationButtonVC.m */,
				19C8B86B1C9FB0740044D0C3 /* LoginVC.h */,
				19C8B86C1C9FB0740044D0C3 /* LoginVC.m */,
			);
			path = Base;
			sourceTree = "<group>";
		};
		19C8B8771C9FDC590044D0C3 /* ModifyBabyInfo */ = {
			isa = PBXGroup;
			children = (
				19C8B87F1C9FDCB80044D0C3 /* ModifyBabyInfoVC.h */,
				19C8B8801C9FDCB80044D0C3 /* ModifyBabyInfoVC.m */,
			);
			path = ModifyBabyInfo;
			sourceTree = "<group>";
		};
		19C8B8781C9FDC970044D0C3 /* Sex */ = {
			isa = PBXGroup;
			children = (
				19C8B87B1C9FDC970044D0C3 /* BabySexVC.h */,
				19C8B87C1C9FDC970044D0C3 /* BabySexVC.m */,
			);
			path = Sex;
			sourceTree = "<group>";
		};
		19C8B8861C9FE8080044D0C3 /* ModifyMeInfoTool */ = {
			isa = PBXGroup;
			children = (
				19C8B8871C9FE8080044D0C3 /* ModifyMeInfoTool.h */,
				19C8B8881C9FE8080044D0C3 /* ModifyMeInfoTool.m */,
			);
			path = ModifyMeInfoTool;
			sourceTree = "<group>";
		};
		D2B999AF3FF06A5A3228B62F /* Frameworks */ = {
			isa = PBXGroup;
			children = (
				4BAEB6C4966ACADBEAB3DBAD /* libPods.a */,
			);
			name = Frameworks;
			sourceTree = "<group>";
		};
/* End PBXGroup section */

/* Begin PBXNativeTarget section */
		19C8B79C1C9C47660044D0C3 /* TestLanding */ = {
			isa = PBXNativeTarget;
			buildConfigurationList = 19C8B7B41C9C47660044D0C3 /* Build configuration list for PBXNativeTarget "TestLanding" */;
			buildPhases = (
				C0F8B86564BCF10FB9CE1FC0 /* Check Pods Manifest.lock */,
				19C8B7991C9C47660044D0C3 /* Sources */,
				19C8B79A1C9C47660044D0C3 /* Frameworks */,
				19C8B79B1C9C47660044D0C3 /* Resources */,
				A6A969405325F071A4F21756 /* Embed Pods Frameworks */,
				10B70B2A682E63F21DDAFA9C /* Copy Pods Resources */,
			);
			buildRules = (
			);
			dependencies = (
			);
			name = TestLanding;
			productName = TestLanding;
			productReference = 19C8B79D1C9C47660044D0C3 /* TestLanding.app */;
			productType = "com.apple.product-type.application";
		};
/* End PBXNativeTarget section */

/* Begin PBXProject section */
		19C8B7951C9C47660044D0C3 /* Project object */ = {
			isa = PBXProject;
			attributes = {
				LastUpgradeCheck = 0720;
				ORGANIZATIONNAME = yeyy;
				TargetAttributes = {
					19C8B79C1C9C47660044D0C3 = {
						CreatedOnToolsVersion = 7.2.1;
						DevelopmentTeam = A442YRU76T;
					};
				};
			};
			buildConfigurationList = 19C8B7981C9C47660044D0C3 /* Build configuration list for PBXProject "TestLanding" */;
			compatibilityVersion = "Xcode 3.2";
			developmentRegion = English;
			hasScannedForEncodings = 0;
			knownRegions = (
				en,
				Base,
			);
			mainGroup = 19C8B7941C9C47660044D0C3;
			productRefGroup = 19C8B79E1C9C47660044D0C3 /* Products */;
			projectDirPath = "";
			projectRoot = "";
			targets = (
				19C8B79C1C9C47660044D0C3 /* TestLanding */,
			);
		};
/* End PBXProject section */

/* Begin PBXResourcesBuildPhase section */
		19C8B79B1C9C47660044D0C3 /* Resources */ = {
			isa = PBXResourcesBuildPhase;
			buildActionMask = 2147483647;
			files = (
				19C8B7B01C9C47660044D0C3 /* LaunchScreen.storyboard in Resources */,
				19C8B7AD1C9C47660044D0C3 /* Assets.xcassets in Resources */,
				19C8B7AB1C9C47660044D0C3 /* Main.storyboard in Resources */,
			);
			runOnlyForDeploymentPostprocessing = 0;
		};
/* End PBXResourcesBuildPhase section */

/* Begin PBXShellScriptBuildPhase section */
		10B70B2A682E63F21DDAFA9C /* Copy Pods Resources */ = {
			isa = PBXShellScriptBuildPhase;
			buildActionMask = 2147483647;
			files = (
			);
			inputPaths = (
			);
			name = "Copy Pods Resources";
			outputPaths = (
			);
			runOnlyForDeploymentPostprocessing = 0;
			shellPath = /bin/sh;
			shellScript = "\"${SRCROOT}/Pods/Target Support Files/Pods/Pods-resources.sh\"\n";
			showEnvVarsInLog = 0;
		};
		A6A969405325F071A4F21756 /* Embed Pods Frameworks */ = {
			isa = PBXShellScriptBuildPhase;
			buildActionMask = 2147483647;
			files = (
			);
			inputPaths = (
			);
			name = "Embed Pods Frameworks";
			outputPaths = (
			);
			runOnlyForDeploymentPostprocessing = 0;
			shellPath = /bin/sh;
			shellScript = "\"${SRCROOT}/Pods/Target Support Files/Pods/Pods-frameworks.sh\"\n";
			showEnvVarsInLog = 0;
		};
		C0F8B86564BCF10FB9CE1FC0 /* Check Pods Manifest.lock */ = {
			isa = PBXShellScriptBuildPhase;
			buildActionMask = 2147483647;
			files = (
			);
			inputPaths = (
			);
			name = "Check Pods Manifest.lock";
			outputPaths = (
			);
			runOnlyForDeploymentPostprocessing = 0;
			shellPath = /bin/sh;
			shellScript = "diff \"${PODS_ROOT}/../Podfile.lock\" \"${PODS_ROOT}/Manifest.lock\" > /dev/null\nif [[ $? != 0 ]] ; then\n    cat << EOM\nerror: The sandbox is not in sync with the Podfile.lock. Run 'pod install' or update your CocoaPods installation.\nEOM\n    exit 1\nfi\n";
			showEnvVarsInLog = 0;
		};
/* End PBXShellScriptBuildPhase section */

/* Begin PBXSourcesBuildPhase section */
		19C8B7991C9C47660044D0C3 /* Sources */ = {
			isa = PBXSourcesBuildPhase;
			buildActionMask = 2147483647;
			files = (
				19C8B8641C9FB0590044D0C3 /* PersonalCenterVC.m in Sources */,
				19C8B7DB1C9D2CDB0044D0C3 /* BaseCell.m in Sources */,
				19C8B8021C9E773D0044D0C3 /* NSString+Safe.m in Sources */,
				19C8B86E1C9FB0740044D0C3 /* CustomNavgationButtonVC.m in Sources */,
				19C8B8221C9E850F0044D0C3 /* PersonalCenter.m in Sources */,
				19C8B8091C9E77AF0044D0C3 /* MamaInfoCell.m in Sources */,
				19C8B80D1C9E77CA0044D0C3 /* MamaAvatarCell.m in Sources */,
				19C8B8441C9EA8FC0044D0C3 /* ModifyNameCell.m in Sources */,
				19C8B85C1C9F98040044D0C3 /* PersonBase.m in Sources */,
				19C8B8211C9E850F0044D0C3 /* MeLableItem.m in Sources */,
				19C8B86F1C9FB0740044D0C3 /* LoginVC.m in Sources */,
				19C8B82D1C9E93030044D0C3 /* ImageItem.m in Sources */,
				19C8B8391C9E95040044D0C3 /* BabyDetailsCell.m in Sources */,
				19C8B87E1C9FDC970044D0C3 /* BabySexVC.m in Sources */,
				19C8B8651C9FB0590044D0C3 /* PersonalInfoVC.m in Sources */,
				19C8B8201C9E850F0044D0C3 /* MeGroup.m in Sources */,
				19C8B85A1C9F98040044D0C3 /* Baby.m in Sources */,
				19C8B81F1C9E850F0044D0C3 /* MeBabyInfoItem.m in Sources */,
				19C8B85B1C9F98040044D0C3 /* Mother.m in Sources */,
				19C8B8891C9FE8080044D0C3 /* ModifyMeInfoTool.m in Sources */,
				19C8B80A1C9E77AF0044D0C3 /* PersonalCenterCell.m in Sources */,
				19C8B8811C9FDCB80044D0C3 /* ModifyBabyInfoVC.m in Sources */,
				19C8B7A51C9C47660044D0C3 /* AppDelegate.m in Sources */,
				19C8B86D1C9FB0740044D0C3 /* BaseVC.m in Sources */,
				19C8B8381C9E95040044D0C3 /* BabyAddInfoCell.m in Sources */,
				19C8B8411C9EA8E10044D0C3 /* ModifyNameVC.m in Sources */,
				19C8B8481C9EC9A60044D0C3 /* AddBabyVC.m in Sources */,
				19C8B7A21C9C47660044D0C3 /* main.m in Sources */,
				19C8B7E41C9D575D0044D0C3 /* HttpTool.m in Sources */,
			);
			runOnlyForDeploymentPostprocessing = 0;
		};
/* End PBXSourcesBuildPhase section */

/* Begin PBXVariantGroup section */
		19C8B7A91C9C47660044D0C3 /* Main.storyboard */ = {
			isa = PBXVariantGroup;
			children = (
				19C8B7AA1C9C47660044D0C3 /* Base */,
			);
			name = Main.storyboard;
			sourceTree = "<group>";
		};
		19C8B7AE1C9C47660044D0C3 /* LaunchScreen.storyboard */ = {
			isa = PBXVariantGroup;
			children = (
				19C8B7AF1C9C47660044D0C3 /* Base */,
			);
			name = LaunchScreen.storyboard;
			sourceTree = "<group>";
		};
/* End PBXVariantGroup section */

/* Begin XCBuildConfiguration section */
		19C8B7B21C9C47660044D0C3 /* Debug */ = {
			isa = XCBuildConfiguration;
			buildSettings = {
				ALWAYS_SEARCH_USER_PATHS = NO;
				CLANG_CXX_LANGUAGE_STANDARD = "gnu++0x";
				CLANG_CXX_LIBRARY = "libc++";
				CLANG_ENABLE_MODULES = YES;
				CLANG_ENABLE_OBJC_ARC = YES;
				CLANG_WARN_BOOL_CONVERSION = YES;
				CLANG_WARN_CONSTANT_CONVERSION = YES;
				CLANG_WARN_DIRECT_OBJC_ISA_USAGE = YES_ERROR;
				CLANG_WARN_EMPTY_BODY = YES;
				CLANG_WARN_ENUM_CONVERSION = YES;
				CLANG_WARN_INT_CONVERSION = YES;
				CLANG_WARN_OBJC_ROOT_CLASS = YES_ERROR;
				CLANG_WARN_UNREACHABLE_CODE = YES;
				CLANG_WARN__DUPLICATE_METHOD_MATCH = YES;
				"CODE_SIGN_IDENTITY[sdk=iphoneos*]" = "iPhone Developer";
				COPY_PHASE_STRIP = NO;
				DEBUG_INFORMATION_FORMAT = dwarf;
				ENABLE_STRICT_OBJC_MSGSEND = YES;
				ENABLE_TESTABILITY = YES;
				GCC_C_LANGUAGE_STANDARD = gnu99;
				GCC_DYNAMIC_NO_PIC = NO;
				GCC_NO_COMMON_BLOCKS = YES;
				GCC_OPTIMIZATION_LEVEL = 0;
				GCC_PREPROCESSOR_DEFINITIONS = (
					"DEBUG=1",
					"$(inherited)",
				);
				GCC_WARN_64_TO_32_BIT_CONVERSION = YES;
				GCC_WARN_ABOUT_RETURN_TYPE = YES_ERROR;
				GCC_WARN_UNDECLARED_SELECTOR = YES;
				GCC_WARN_UNINITIALIZED_AUTOS = YES_AGGRESSIVE;
				GCC_WARN_UNUSED_FUNCTION = YES;
				GCC_WARN_UNUSED_VARIABLE = YES;
				IPHONEOS_DEPLOYMENT_TARGET = 9.2;
				MTL_ENABLE_DEBUG_INFO = YES;
				ONLY_ACTIVE_ARCH = YES;
				SDKROOT = iphoneos;
			};
			name = Debug;
		};
		19C8B7B31C9C47660044D0C3 /* Release */ = {
			isa = XCBuildConfiguration;
			buildSettings = {
				ALWAYS_SEARCH_USER_PATHS = NO;
				CLANG_CXX_LANGUAGE_STANDARD = "gnu++0x";
				CLANG_CXX_LIBRARY = "libc++";
				CLANG_ENABLE_MODULES = YES;
				CLANG_ENABLE_OBJC_ARC = YES;
				CLANG_WARN_BOOL_CONVERSION = YES;
				CLANG_WARN_CONSTANT_CONVERSION = YES;
				CLANG_WARN_DIRECT_OBJC_ISA_USAGE = YES_ERROR;
				CLANG_WARN_EMPTY_BODY = YES;
				CLANG_WARN_ENUM_CONVERSION = YES;
				CLANG_WARN_INT_CONVERSION = YES;
				CLANG_WARN_OBJC_ROOT_CLASS = YES_ERROR;
				CLANG_WARN_UNREACHABLE_CODE = YES;
				CLANG_WARN__DUPLICATE_METHOD_MATCH = YES;
				"CODE_SIGN_IDENTITY[sdk=iphoneos*]" = "iPhone Developer";
				COPY_PHASE_STRIP = NO;
				DEBUG_INFORMATION_FORMAT = "dwarf-with-dsym";
				ENABLE_NS_ASSERTIONS = NO;
				ENABLE_STRICT_OBJC_MSGSEND = YES;
				GCC_C_LANGUAGE_STANDARD = gnu99;
				GCC_NO_COMMON_BLOCKS = YES;
				GCC_WARN_64_TO_32_BIT_CONVERSION = YES;
				GCC_WARN_ABOUT_RETURN_TYPE = YES_ERROR;
				GCC_WARN_UNDECLARED_SELECTOR = YES;
				GCC_WARN_UNINITIALIZED_AUTOS = YES_AGGRESSIVE;
				GCC_WARN_UNUSED_FUNCTION = YES;
				GCC_WARN_UNUSED_VARIABLE = YES;
				IPHONEOS_DEPLOYMENT_TARGET = 9.2;
				MTL_ENABLE_DEBUG_INFO = NO;
				SDKROOT = iphoneos;
				VALIDATE_PRODUCT = YES;
			};
			name = Release;
		};
		19C8B7B51C9C47660044D0C3 /* Debug */ = {
			isa = XCBuildConfiguration;
			baseConfigurationReference = C374A337BA9574433C04C3C5 /* Pods.debug.xcconfig */;
			buildSettings = {
				ASSETCATALOG_COMPILER_APPICON_NAME = AppIcon;
				INFOPLIST_FILE = TestLanding/Info.plist;
				LD_RUNPATH_SEARCH_PATHS = "$(inherited) @executable_path/Frameworks";
				PRODUCT_BUNDLE_IDENTIFIER = com.loufq.TestLanding;
				PRODUCT_NAME = "$(TARGET_NAME)";
			};
			name = Debug;
		};
		19C8B7B61C9C47660044D0C3 /* Release */ = {
			isa = XCBuildConfiguration;
			baseConfigurationReference = BFEC5CD80932C2E947128884 /* Pods.release.xcconfig */;
			buildSettings = {
				ASSETCATALOG_COMPILER_APPICON_NAME = AppIcon;
				INFOPLIST_FILE = TestLanding/Info.plist;
				LD_RUNPATH_SEARCH_PATHS = "$(inherited) @executable_path/Frameworks";
				PRODUCT_BUNDLE_IDENTIFIER = com.loufq.TestLanding;
				PRODUCT_NAME = "$(TARGET_NAME)";
			};
			name = Release;
		};
/* End XCBuildConfiguration section */

/* Begin XCConfigurationList section */
		19C8B7981C9C47660044D0C3 /* Build configuration list for PBXProject "TestLanding" */ = {
			isa = XCConfigurationList;
			buildConfigurations = (
				19C8B7B21C9C47660044D0C3 /* Debug */,
				19C8B7B31C9C47660044D0C3 /* Release */,
			);
			defaultConfigurationIsVisible = 0;
			defaultConfigurationName = Release;
		};
		19C8B7B41C9C47660044D0C3 /* Build configuration list for PBXNativeTarget "TestLanding" */ = {
			isa = XCConfigurationList;
			buildConfigurations = (
				19C8B7B51C9C47660044D0C3 /* Debug */,
				19C8B7B61C9C47660044D0C3 /* Release */,
			);
			defaultConfigurationIsVisible = 0;
			defaultConfigurationName = Release;
		};
/* End XCConfigurationList section */
	};
	rootObject = 19C8B7951C9C47660044D0C3 /* Project object */;
}
