// !$*UTF8*$!
{
	archiveVersion = 1;
	classes = {
	};
	objectVersion = 46;
	objects = {

/* Begin PBXBuildFile section */
		196991971CA2B72E0042350A /* LoginVC.m in Sources */ = {isa = PBXBuildFile; fileRef = 1969914E1CA2B72E0042350A /* LoginVC.m */; };
		196991981CA2B72E0042350A /* AddAddressCell.m in Sources */ = {isa = PBXBuildFile; fileRef = 196991521CA2B72E0042350A /* AddAddressCell.m */; };
		196991991CA2B72E0042350A /* AddressToolBar.m in Sources */ = {isa = PBXBuildFile; fileRef = 196991541CA2B72E0042350A /* AddressToolBar.m */; };
		1969919A1CA2B72E0042350A /* AddressToolBar.xib in Resources */ = {isa = PBXBuildFile; fileRef = 196991551CA2B72E0042350A /* AddressToolBar.xib */; };
		1969919B1CA2B72E0042350A /* MyAddressCell.m in Sources */ = {isa = PBXBuildFile; fileRef = 196991571CA2B72E0042350A /* MyAddressCell.m */; };
		1969919C1CA2B72E0042350A /* AddAddressVC.m in Sources */ = {isa = PBXBuildFile; fileRef = 1969915A1CA2B72E0042350A /* AddAddressVC.m */; };
		1969919D1CA2B72E0042350A /* MyAddressVC.m in Sources */ = {isa = PBXBuildFile; fileRef = 1969915C1CA2B72E0042350A /* MyAddressVC.m */; };
		1969919E1CA2B72E0042350A /* MyAddress.m in Sources */ = {isa = PBXBuildFile; fileRef = 1969915F1CA2B72E0042350A /* MyAddress.m */; };
		1969919F1CA2B72E0042350A /* MyAddressFrame.m in Sources */ = {isa = PBXBuildFile; fileRef = 196991611CA2B72E0042350A /* MyAddressFrame.m */; };
		196991A01CA2B72E0042350A /* AddBabyVC.m in Sources */ = {isa = PBXBuildFile; fileRef = 196991651CA2B72E0042350A /* AddBabyVC.m */; };
		196991A11CA2B72E0042350A /* BabyAddInfoCell.m in Sources */ = {isa = PBXBuildFile; fileRef = 196991671CA2B72E0042350A /* BabyAddInfoCell.m */; };
		196991A21CA2B72E0042350A /* BaseCell.m in Sources */ = {isa = PBXBuildFile; fileRef = 1969916A1CA2B72E0042350A /* BaseCell.m */; };
		196991A31CA2B72E0042350A /* BaseVC.m in Sources */ = {isa = PBXBuildFile; fileRef = 1969916C1CA2B72E0042350A /* BaseVC.m */; };
		196991A41CA2B72E0042350A /* CustomNavgationButtonVC.m in Sources */ = {isa = PBXBuildFile; fileRef = 1969916E1CA2B72E0042350A /* CustomNavgationButtonVC.m */; };
		196991A51CA2B72E0042350A /* BirthdayCell.m in Sources */ = {isa = PBXBuildFile; fileRef = 196991711CA2B72E0042350A /* BirthdayCell.m */; };
		196991A61CA2B72E0042350A /* BirthdayVC.m in Sources */ = {isa = PBXBuildFile; fileRef = 196991731CA2B72E0042350A /* BirthdayVC.m */; };
		196991A71CA2B72E0042350A /* ModifyNameCell.m in Sources */ = {isa = PBXBuildFile; fileRef = 196991771CA2B72E0042350A /* ModifyNameCell.m */; };
		196991A81CA2B72E0042350A /* ModifyNameVC.m in Sources */ = {isa = PBXBuildFile; fileRef = 196991791CA2B72E0042350A /* ModifyNameVC.m */; };
		196991A91CA2B72E0042350A /* AlertSheetView.m in Sources */ = {isa = PBXBuildFile; fileRef = 1969917D1CA2B72E0042350A /* AlertSheetView.m */; };
		196991AA1CA2B72E0042350A /* BabyDetailsCell.m in Sources */ = {isa = PBXBuildFile; fileRef = 1969917F1CA2B72E0042350A /* BabyDetailsCell.m */; };
		196991AB1CA2B72E0042350A /* MamaAvatarCell.m in Sources */ = {isa = PBXBuildFile; fileRef = 196991811CA2B72E0042350A /* MamaAvatarCell.m */; };
		196991AC1CA2B72E0042350A /* MamaInfoCell.m in Sources */ = {isa = PBXBuildFile; fileRef = 196991831CA2B72E0042350A /* MamaInfoCell.m */; };
		196991AD1CA2B72E0042350A /* PersonalCenterCell.m in Sources */ = {isa = PBXBuildFile; fileRef = 196991851CA2B72E0042350A /* PersonalCenterCell.m */; };
		196991AE1CA2B72E0042350A /* PersonalInfoCell.m in Sources */ = {isa = PBXBuildFile; fileRef = 196991871CA2B72E0042350A /* PersonalInfoCell.m */; };
		196991AF1CA2B72E0042350A /* PersonalCenterVC.m in Sources */ = {isa = PBXBuildFile; fileRef = 1969918A1CA2B72E0042350A /* PersonalCenterVC.m */; };
		196991B01CA2B72E0042350A /* PersonalInfoVC.m in Sources */ = {isa = PBXBuildFile; fileRef = 1969918C1CA2B72E0042350A /* PersonalInfoVC.m */; };
		196991B11CA2B72E0042350A /* BabySexVC.m in Sources */ = {isa = PBXBuildFile; fileRef = 1969918F1CA2B72E0042350A /* BabySexVC.m */; };
		196991B21CA2B72E0042350A /* MyOrder.m in Sources */ = {isa = PBXBuildFile; fileRef = 196991921CA2B72E0042350A /* MyOrder.m */; };
		196991B31CA2B72E0042350A /* MyOrderCell.m in Sources */ = {isa = PBXBuildFile; fileRef = 196991941CA2B72E0042350A /* MyOrderCell.m */; };
		196991B41CA2B72E0042350A /* MyOrderVC.m in Sources */ = {isa = PBXBuildFile; fileRef = 196991961CA2B72E0042350A /* MyOrderVC.m */; };
		199CF7071CA27A3800F01233 /* NSString+Extension.m in Sources */ = {isa = PBXBuildFile; fileRef = 199CF7061CA27A3800F01233 /* NSString+Extension.m */; };
		19C8B7A21C9C47660044D0C3 /* main.m in Sources */ = {isa = PBXBuildFile; fileRef = 19C8B7A11C9C47660044D0C3 /* main.m */; };
		19C8B7A51C9C47660044D0C3 /* AppDelegate.m in Sources */ = {isa = PBXBuildFile; fileRef = 19C8B7A41C9C47660044D0C3 /* AppDelegate.m */; };
		19C8B7AB1C9C47660044D0C3 /* Main.storyboard in Resources */ = {isa = PBXBuildFile; fileRef = 19C8B7A91C9C47660044D0C3 /* Main.storyboard */; };
		19C8B7AD1C9C47660044D0C3 /* Assets.xcassets in Resources */ = {isa = PBXBuildFile; fileRef = 19C8B7AC1C9C47660044D0C3 /* Assets.xcassets */; };
		19C8B7B01C9C47660044D0C3 /* LaunchScreen.storyboard in Resources */ = {isa = PBXBuildFile; fileRef = 19C8B7AE1C9C47660044D0C3 /* LaunchScreen.storyboard */; };
		19C8B7E41C9D575D0044D0C3 /* HttpTool.m in Sources */ = {isa = PBXBuildFile; fileRef = 19C8B7E31C9D575D0044D0C3 /* HttpTool.m */; };
		19C8B81F1C9E850F0044D0C3 /* MeBabyInfoItem.m in Sources */ = {isa = PBXBuildFile; fileRef = 19C8B8161C9E850F0044D0C3 /* MeBabyInfoItem.m */; };
		19C8B8211C9E850F0044D0C3 /* MeLableItem.m in Sources */ = {isa = PBXBuildFile; fileRef = 19C8B81A1C9E850F0044D0C3 /* MeLableItem.m */; };
		19C8B8221C9E850F0044D0C3 /* PersonalCenter.m in Sources */ = {isa = PBXBuildFile; fileRef = 19C8B81C1C9E850F0044D0C3 /* PersonalCenter.m */; };
		19C8B85A1C9F98040044D0C3 /* Baby.m in Sources */ = {isa = PBXBuildFile; fileRef = 19C8B8551C9F98040044D0C3 /* Baby.m */; };
		19C8B85B1C9F98040044D0C3 /* Mother.m in Sources */ = {isa = PBXBuildFile; fileRef = 19C8B8571C9F98040044D0C3 /* Mother.m */; };
		19C8B85C1C9F98040044D0C3 /* PersonBase.m in Sources */ = {isa = PBXBuildFile; fileRef = 19C8B8591C9F98040044D0C3 /* PersonBase.m */; };
		19C8B8DA1CA11F070044D0C3 /* ModifyMeInfoTool.m in Sources */ = {isa = PBXBuildFile; fileRef = 19C8B8C51CA11F070044D0C3 /* ModifyMeInfoTool.m */; };
		19C8B8DB1CA11F070044D0C3 /* NSString+Safe.m in Sources */ = {isa = PBXBuildFile; fileRef = 19C8B8C81CA11F070044D0C3 /* NSString+Safe.m */; };
		19C8B9971CA12F660044D0C3 /* MeInfoItem.m in Sources */ = {isa = PBXBuildFile; fileRef = 19C8B9961CA12F660044D0C3 /* MeInfoItem.m */; };
		19C8B9B81CA197740044D0C3 /* UIImage+Extension.m in Sources */ = {isa = PBXBuildFile; fileRef = 19C8B9B71CA197740044D0C3 /* UIImage+Extension.m */; };
		E8BBEB2AEE6786848DA8F7D9 /* libPods.a in Frameworks */ = {isa = PBXBuildFile; fileRef = 4BAEB6C4966ACADBEAB3DBAD /* libPods.a */; };
/* End PBXBuildFile section */

/* Begin PBXFileReference section */
		1969914D1CA2B72E0042350A /* LoginVC.h */ = {isa = PBXFileReference; fileEncoding = 4; lastKnownFileType = sourcecode.c.h; path = LoginVC.h; sourceTree = "<group>"; };
		1969914E1CA2B72E0042350A /* LoginVC.m */ = {isa = PBXFileReference; fileEncoding = 4; lastKnownFileType = sourcecode.c.objc; path = LoginVC.m; sourceTree = "<group>"; };
		196991511CA2B72E0042350A /* AddAddressCell.h */ = {isa = PBXFileReference; fileEncoding = 4; lastKnownFileType = sourcecode.c.h; path = AddAddressCell.h; sourceTree = "<group>"; };
		196991521CA2B72E0042350A /* AddAddressCell.m */ = {isa = PBXFileReference; fileEncoding = 4; lastKnownFileType = sourcecode.c.objc; path = AddAddressCell.m; sourceTree = "<group>"; };
		196991531CA2B72E0042350A /* AddressToolBar.h */ = {isa = PBXFileReference; fileEncoding = 4; lastKnownFileType = sourcecode.c.h; path = AddressToolBar.h; sourceTree = "<group>"; };
		196991541CA2B72E0042350A /* AddressToolBar.m */ = {isa = PBXFileReference; fileEncoding = 4; lastKnownFileType = sourcecode.c.objc; path = AddressToolBar.m; sourceTree = "<group>"; };
		196991551CA2B72E0042350A /* AddressToolBar.xib */ = {isa = PBXFileReference; fileEncoding = 4; lastKnownFileType = file.xib; path = AddressToolBar.xib; sourceTree = "<group>"; };
		196991561CA2B72E0042350A /* MyAddressCell.h */ = {isa = PBXFileReference; fileEncoding = 4; lastKnownFileType = sourcecode.c.h; path = MyAddressCell.h; sourceTree = "<group>"; };
		196991571CA2B72E0042350A /* MyAddressCell.m */ = {isa = PBXFileReference; fileEncoding = 4; lastKnownFileType = sourcecode.c.objc; path = MyAddressCell.m; sourceTree = "<group>"; };
		196991591CA2B72E0042350A /* AddAddressVC.h */ = {isa = PBXFileReference; fileEncoding = 4; lastKnownFileType = sourcecode.c.h; path = AddAddressVC.h; sourceTree = "<group>"; };
		1969915A1CA2B72E0042350A /* AddAddressVC.m */ = {isa = PBXFileReference; fileEncoding = 4; lastKnownFileType = sourcecode.c.objc; path = AddAddressVC.m; sourceTree = "<group>"; };
		1969915B1CA2B72E0042350A /* MyAddressVC.h */ = {isa = PBXFileReference; fileEncoding = 4; lastKnownFileType = sourcecode.c.h; path = MyAddressVC.h; sourceTree = "<group>"; };
		1969915C1CA2B72E0042350A /* MyAddressVC.m */ = {isa = PBXFileReference; fileEncoding = 4; lastKnownFileType = sourcecode.c.objc; path = MyAddressVC.m; sourceTree = "<group>"; };
		1969915E1CA2B72E0042350A /* MyAddress.h */ = {isa = PBXFileReference; fileEncoding = 4; lastKnownFileType = sourcecode.c.h; path = MyAddress.h; sourceTree = "<group>"; };
		1969915F1CA2B72E0042350A /* MyAddress.m */ = {isa = PBXFileReference; fileEncoding = 4; lastKnownFileType = sourcecode.c.objc; path = MyAddress.m; sourceTree = "<group>"; };
		196991601CA2B72E0042350A /* MyAddressFrame.h */ = {isa = PBXFileReference; fileEncoding = 4; lastKnownFileType = sourcecode.c.h; path = MyAddressFrame.h; sourceTree = "<group>"; };
		196991611CA2B72E0042350A /* MyAddressFrame.m */ = {isa = PBXFileReference; fileEncoding = 4; lastKnownFileType = sourcecode.c.objc; path = MyAddressFrame.m; sourceTree = "<group>"; };
		196991641CA2B72E0042350A /* AddBabyVC.h */ = {isa = PBXFileReference; fileEncoding = 4; lastKnownFileType = sourcecode.c.h; path = AddBabyVC.h; sourceTree = "<group>"; };
		196991651CA2B72E0042350A /* AddBabyVC.m */ = {isa = PBXFileReference; fileEncoding = 4; lastKnownFileType = sourcecode.c.objc; path = AddBabyVC.m; sourceTree = "<group>"; };
		196991661CA2B72E0042350A /* BabyAddInfoCell.h */ = {isa = PBXFileReference; fileEncoding = 4; lastKnownFileType = sourcecode.c.h; path = BabyAddInfoCell.h; sourceTree = "<group>"; };
		196991671CA2B72E0042350A /* BabyAddInfoCell.m */ = {isa = PBXFileReference; fileEncoding = 4; lastKnownFileType = sourcecode.c.objc; path = BabyAddInfoCell.m; sourceTree = "<group>"; };
		196991691CA2B72E0042350A /* BaseCell.h */ = {isa = PBXFileReference; fileEncoding = 4; lastKnownFileType = sourcecode.c.h; path = BaseCell.h; sourceTree = "<group>"; };
		1969916A1CA2B72E0042350A /* BaseCell.m */ = {isa = PBXFileReference; fileEncoding = 4; lastKnownFileType = sourcecode.c.objc; path = BaseCell.m; sourceTree = "<group>"; };
		1969916B1CA2B72E0042350A /* BaseVC.h */ = {isa = PBXFileReference; fileEncoding = 4; lastKnownFileType = sourcecode.c.h; path = BaseVC.h; sourceTree = "<group>"; };
		1969916C1CA2B72E0042350A /* BaseVC.m */ = {isa = PBXFileReference; fileEncoding = 4; lastKnownFileType = sourcecode.c.objc; path = BaseVC.m; sourceTree = "<group>"; };
		1969916D1CA2B72E0042350A /* CustomNavgationButtonVC.h */ = {isa = PBXFileReference; fileEncoding = 4; lastKnownFileType = sourcecode.c.h; path = CustomNavgationButtonVC.h; sourceTree = "<group>"; };
		1969916E1CA2B72E0042350A /* CustomNavgationButtonVC.m */ = {isa = PBXFileReference; fileEncoding = 4; lastKnownFileType = sourcecode.c.objc; path = CustomNavgationButtonVC.m; sourceTree = "<group>"; };
		196991701CA2B72E0042350A /* BirthdayCell.h */ = {isa = PBXFileReference; fileEncoding = 4; lastKnownFileType = sourcecode.c.h; path = BirthdayCell.h; sourceTree = "<group>"; };
		196991711CA2B72E0042350A /* BirthdayCell.m */ = {isa = PBXFileReference; fileEncoding = 4; lastKnownFileType = sourcecode.c.objc; path = BirthdayCell.m; sourceTree = "<group>"; };
		196991721CA2B72E0042350A /* BirthdayVC.h */ = {isa = PBXFileReference; fileEncoding = 4; lastKnownFileType = sourcecode.c.h; path = BirthdayVC.h; sourceTree = "<group>"; };
		196991731CA2B72E0042350A /* BirthdayVC.m */ = {isa = PBXFileReference; fileEncoding = 4; lastKnownFileType = sourcecode.c.objc; path = BirthdayVC.m; sourceTree = "<group>"; };
		196991761CA2B72E0042350A /* ModifyNameCell.h */ = {isa = PBXFileReference; fileEncoding = 4; lastKnownFileType = sourcecode.c.h; path = ModifyNameCell.h; sourceTree = "<group>"; };
		196991771CA2B72E0042350A /* ModifyNameCell.m */ = {isa = PBXFileReference; fileEncoding = 4; lastKnownFileType = sourcecode.c.objc; path = ModifyNameCell.m; sourceTree = "<group>"; };
		196991781CA2B72E0042350A /* ModifyNameVC.h */ = {isa = PBXFileReference; fileEncoding = 4; lastKnownFileType = sourcecode.c.h; path = ModifyNameVC.h; sourceTree = "<group>"; };
		196991791CA2B72E0042350A /* ModifyNameVC.m */ = {isa = PBXFileReference; fileEncoding = 4; lastKnownFileType = sourcecode.c.objc; path = ModifyNameVC.m; sourceTree = "<group>"; };
		1969917C1CA2B72E0042350A /* AlertSheetView.h */ = {isa = PBXFileReference; fileEncoding = 4; lastKnownFileType = sourcecode.c.h; path = AlertSheetView.h; sourceTree = "<group>"; };
		1969917D1CA2B72E0042350A /* AlertSheetView.m */ = {isa = PBXFileReference; fileEncoding = 4; lastKnownFileType = sourcecode.c.objc; path = AlertSheetView.m; sourceTree = "<group>"; };
		1969917E1CA2B72E0042350A /* BabyDetailsCell.h */ = {isa = PBXFileReference; fileEncoding = 4; lastKnownFileType = sourcecode.c.h; path = BabyDetailsCell.h; sourceTree = "<group>"; };
		1969917F1CA2B72E0042350A /* BabyDetailsCell.m */ = {isa = PBXFileReference; fileEncoding = 4; lastKnownFileType = sourcecode.c.objc; path = BabyDetailsCell.m; sourceTree = "<group>"; };
		196991801CA2B72E0042350A /* MamaAvatarCell.h */ = {isa = PBXFileReference; fileEncoding = 4; lastKnownFileType = sourcecode.c.h; path = MamaAvatarCell.h; sourceTree = "<group>"; };
		196991811CA2B72E0042350A /* MamaAvatarCell.m */ = {isa = PBXFileReference; fileEncoding = 4; lastKnownFileType = sourcecode.c.objc; path = MamaAvatarCell.m; sourceTree = "<group>"; };
		196991821CA2B72E0042350A /* MamaInfoCell.h */ = {isa = PBXFileReference; fileEncoding = 4; lastKnownFileType = sourcecode.c.h; path = MamaInfoCell.h; sourceTree = "<group>"; };
		196991831CA2B72E0042350A /* MamaInfoCell.m */ = {isa = PBXFileReference; fileEncoding = 4; lastKnownFileType = sourcecode.c.objc; path = MamaInfoCell.m; sourceTree = "<group>"; };
		196991841CA2B72E0042350A /* PersonalCenterCell.h */ = {isa = PBXFileReference; fileEncoding = 4; lastKnownFileType = sourcecode.c.h; path = PersonalCenterCell.h; sourceTree = "<group>"; };
		196991851CA2B72E0042350A /* PersonalCenterCell.m */ = {isa = PBXFileReference; fileEncoding = 4; lastKnownFileType = sourcecode.c.objc; path = PersonalCenterCell.m; sourceTree = "<group>"; };
		196991861CA2B72E0042350A /* PersonalInfoCell.h */ = {isa = PBXFileReference; fileEncoding = 4; lastKnownFileType = sourcecode.c.h; path = PersonalInfoCell.h; sourceTree = "<group>"; };
		196991871CA2B72E0042350A /* PersonalInfoCell.m */ = {isa = PBXFileReference; fileEncoding = 4; lastKnownFileType = sourcecode.c.objc; path = PersonalInfoCell.m; sourceTree = "<group>"; };
		196991891CA2B72E0042350A /* PersonalCenterVC.h */ = {isa = PBXFileReference; fileEncoding = 4; lastKnownFileType = sourcecode.c.h; path = PersonalCenterVC.h; sourceTree = "<group>"; };
		1969918A1CA2B72E0042350A /* PersonalCenterVC.m */ = {isa = PBXFileReference; fileEncoding = 4; lastKnownFileType = sourcecode.c.objc; path = PersonalCenterVC.m; sourceTree = "<group>"; };
		1969918B1CA2B72E0042350A /* PersonalInfoVC.h */ = {isa = PBXFileReference; fileEncoding = 4; lastKnownFileType = sourcecode.c.h; path = PersonalInfoVC.h; sourceTree = "<group>"; };
		1969918C1CA2B72E0042350A /* PersonalInfoVC.m */ = {isa = PBXFileReference; fileEncoding = 4; lastKnownFileType = sourcecode.c.objc; path = PersonalInfoVC.m; sourceTree = "<group>"; };
		1969918E1CA2B72E0042350A /* BabySexVC.h */ = {isa = PBXFileReference; fileEncoding = 4; lastKnownFileType = sourcecode.c.h; path = BabySexVC.h; sourceTree = "<group>"; };
		1969918F1CA2B72E0042350A /* BabySexVC.m */ = {isa = PBXFileReference; fileEncoding = 4; lastKnownFileType = sourcecode.c.objc; path = BabySexVC.m; sourceTree = "<group>"; };
		196991911CA2B72E0042350A /* MyOrder.h */ = {isa = PBXFileReference; fileEncoding = 4; lastKnownFileType = sourcecode.c.h; path = MyOrder.h; sourceTree = "<group>"; };
		196991921CA2B72E0042350A /* MyOrder.m */ = {isa = PBXFileReference; fileEncoding = 4; lastKnownFileType = sourcecode.c.objc; path = MyOrder.m; sourceTree = "<group>"; };
		196991931CA2B72E0042350A /* MyOrderCell.h */ = {isa = PBXFileReference; fileEncoding = 4; lastKnownFileType = sourcecode.c.h; path = MyOrderCell.h; sourceTree = "<group>"; };
		196991941CA2B72E0042350A /* MyOrderCell.m */ = {isa = PBXFileReference; fileEncoding = 4; lastKnownFileType = sourcecode.c.objc; path = MyOrderCell.m; sourceTree = "<group>"; };
		196991951CA2B72E0042350A /* MyOrderVC.h */ = {isa = PBXFileReference; fileEncoding = 4; lastKnownFileType = sourcecode.c.h; path = MyOrderVC.h; sourceTree = "<group>"; };
		196991961CA2B72E0042350A /* MyOrderVC.m */ = {isa = PBXFileReference; fileEncoding = 4; lastKnownFileType = sourcecode.c.objc; path = MyOrderVC.m; sourceTree = "<group>"; };
		199CF7051CA27A3800F01233 /* NSString+Extension.h */ = {isa = PBXFileReference; fileEncoding = 4; lastKnownFileType = sourcecode.c.h; path = "NSString+Extension.h"; sourceTree = "<group>"; };
		199CF7061CA27A3800F01233 /* NSString+Extension.m */ = {isa = PBXFileReference; fileEncoding = 4; lastKnownFileType = sourcecode.c.objc; path = "NSString+Extension.m"; sourceTree = "<group>"; };
		19C8B79D1C9C47660044D0C3 /* TestLanding.app */ = {isa = PBXFileReference; explicitFileType = wrapper.application; includeInIndex = 0; path = TestLanding.app; sourceTree = BUILT_PRODUCTS_DIR; };
		19C8B7A11C9C47660044D0C3 /* main.m */ = {isa = PBXFileReference; lastKnownFileType = sourcecode.c.objc; path = main.m; sourceTree = "<group>"; };
		19C8B7A31C9C47660044D0C3 /* AppDelegate.h */ = {isa = PBXFileReference; lastKnownFileType = sourcecode.c.h; path = AppDelegate.h; sourceTree = "<group>"; };
		19C8B7A41C9C47660044D0C3 /* AppDelegate.m */ = {isa = PBXFileReference; lastKnownFileType = sourcecode.c.objc; path = AppDelegate.m; sourceTree = "<group>"; };
		19C8B7AA1C9C47660044D0C3 /* Base */ = {isa = PBXFileReference; lastKnownFileType = file.storyboard; name = Base; path = Base.lproj/Main.storyboard; sourceTree = "<group>"; };
		19C8B7AC1C9C47660044D0C3 /* Assets.xcassets */ = {isa = PBXFileReference; lastKnownFileType = folder.assetcatalog; path = Assets.xcassets; sourceTree = "<group>"; };
		19C8B7AF1C9C47660044D0C3 /* Base */ = {isa = PBXFileReference; lastKnownFileType = file.storyboard; name = Base; path = Base.lproj/LaunchScreen.storyboard; sourceTree = "<group>"; };
		19C8B7B11C9C47660044D0C3 /* Info.plist */ = {isa = PBXFileReference; lastKnownFileType = text.plist.xml; path = Info.plist; sourceTree = "<group>"; };
		19C8B7E21C9D575D0044D0C3 /* HttpTool.h */ = {isa = PBXFileReference; fileEncoding = 4; lastKnownFileType = sourcecode.c.h; name = HttpTool.h; path = TestLanding/Basics/HttpTool.h; sourceTree = SOURCE_ROOT; };
		19C8B7E31C9D575D0044D0C3 /* HttpTool.m */ = {isa = PBXFileReference; fileEncoding = 4; lastKnownFileType = sourcecode.c.objc; name = HttpTool.m; path = TestLanding/Basics/HttpTool.m; sourceTree = SOURCE_ROOT; };
		19C8B8151C9E850F0044D0C3 /* MeBabyInfoItem.h */ = {isa = PBXFileReference; fileEncoding = 4; lastKnownFileType = sourcecode.c.h; path = MeBabyInfoItem.h; sourceTree = "<group>"; };
		19C8B8161C9E850F0044D0C3 /* MeBabyInfoItem.m */ = {isa = PBXFileReference; fileEncoding = 4; lastKnownFileType = sourcecode.c.objc; path = MeBabyInfoItem.m; sourceTree = "<group>"; };
		19C8B8191C9E850F0044D0C3 /* MeLableItem.h */ = {isa = PBXFileReference; fileEncoding = 4; lastKnownFileType = sourcecode.c.h; path = MeLableItem.h; sourceTree = "<group>"; };
		19C8B81A1C9E850F0044D0C3 /* MeLableItem.m */ = {isa = PBXFileReference; fileEncoding = 4; lastKnownFileType = sourcecode.c.objc; path = MeLableItem.m; sourceTree = "<group>"; };
		19C8B81B1C9E850F0044D0C3 /* PersonalCenter.h */ = {isa = PBXFileReference; fileEncoding = 4; lastKnownFileType = sourcecode.c.h; path = PersonalCenter.h; sourceTree = "<group>"; };
		19C8B81C1C9E850F0044D0C3 /* PersonalCenter.m */ = {isa = PBXFileReference; fileEncoding = 4; lastKnownFileType = sourcecode.c.objc; path = PersonalCenter.m; sourceTree = "<group>"; };
		19C8B8541C9F98040044D0C3 /* Baby.h */ = {isa = PBXFileReference; fileEncoding = 4; lastKnownFileType = sourcecode.c.h; path = Baby.h; sourceTree = "<group>"; };
		19C8B8551C9F98040044D0C3 /* Baby.m */ = {isa = PBXFileReference; fileEncoding = 4; lastKnownFileType = sourcecode.c.objc; path = Baby.m; sourceTree = "<group>"; };
		19C8B8561C9F98040044D0C3 /* Mother.h */ = {isa = PBXFileReference; fileEncoding = 4; lastKnownFileType = sourcecode.c.h; path = Mother.h; sourceTree = "<group>"; };
		19C8B8571C9F98040044D0C3 /* Mother.m */ = {isa = PBXFileReference; fileEncoding = 4; lastKnownFileType = sourcecode.c.objc; path = Mother.m; sourceTree = "<group>"; };
		19C8B8581C9F98040044D0C3 /* PersonBase.h */ = {isa = PBXFileReference; fileEncoding = 4; lastKnownFileType = sourcecode.c.h; path = PersonBase.h; sourceTree = "<group>"; };
		19C8B8591C9F98040044D0C3 /* PersonBase.m */ = {isa = PBXFileReference; fileEncoding = 4; lastKnownFileType = sourcecode.c.objc; path = PersonBase.m; sourceTree = "<group>"; };
		19C8B8C21CA11F070044D0C3 /* Gender.h */ = {isa = PBXFileReference; fileEncoding = 4; lastKnownFileType = sourcecode.c.h; path = Gender.h; sourceTree = "<group>"; };
		19C8B8C41CA11F070044D0C3 /* ModifyMeInfoTool.h */ = {isa = PBXFileReference; fileEncoding = 4; lastKnownFileType = sourcecode.c.h; path = ModifyMeInfoTool.h; sourceTree = "<group>"; };
		19C8B8C51CA11F070044D0C3 /* ModifyMeInfoTool.m */ = {isa = PBXFileReference; fileEncoding = 4; lastKnownFileType = sourcecode.c.objc; path = ModifyMeInfoTool.m; sourceTree = "<group>"; };
		19C8B8C71CA11F070044D0C3 /* NSString+Safe.h */ = {isa = PBXFileReference; fileEncoding = 4; lastKnownFileType = sourcecode.c.h; path = "NSString+Safe.h"; sourceTree = "<group>"; };
		19C8B8C81CA11F070044D0C3 /* NSString+Safe.m */ = {isa = PBXFileReference; fileEncoding = 4; lastKnownFileType = sourcecode.c.objc; path = "NSString+Safe.m"; sourceTree = "<group>"; };
		19C8B94A1CA128BA0044D0C3 /* ConstMacro.h */ = {isa = PBXFileReference; lastKnownFileType = sourcecode.c.h; path = ConstMacro.h; sourceTree = "<group>"; };
		19C8B94B1CA128BA0044D0C3 /* URLMacro.h */ = {isa = PBXFileReference; lastKnownFileType = sourcecode.c.h; path = URLMacro.h; sourceTree = "<group>"; };
		19C8B94C1CA128BA0044D0C3 /* VenderMacro.h */ = {isa = PBXFileReference; lastKnownFileType = sourcecode.c.h; path = VenderMacro.h; sourceTree = "<group>"; };
		19C8B9951CA12F660044D0C3 /* MeInfoItem.h */ = {isa = PBXFileReference; fileEncoding = 4; lastKnownFileType = sourcecode.c.h; path = MeInfoItem.h; sourceTree = "<group>"; };
		19C8B9961CA12F660044D0C3 /* MeInfoItem.m */ = {isa = PBXFileReference; fileEncoding = 4; lastKnownFileType = sourcecode.c.objc; path = MeInfoItem.m; sourceTree = "<group>"; };
		19C8B9B61CA197740044D0C3 /* UIImage+Extension.h */ = {isa = PBXFileReference; fileEncoding = 4; lastKnownFileType = sourcecode.c.h; path = "UIImage+Extension.h"; sourceTree = "<group>"; };
		19C8B9B71CA197740044D0C3 /* UIImage+Extension.m */ = {isa = PBXFileReference; fileEncoding = 4; lastKnownFileType = sourcecode.c.objc; path = "UIImage+Extension.m"; sourceTree = "<group>"; };
		4BAEB6C4966ACADBEAB3DBAD /* libPods.a */ = {isa = PBXFileReference; explicitFileType = archive.ar; includeInIndex = 0; path = libPods.a; sourceTree = BUILT_PRODUCTS_DIR; };
		BFEC5CD80932C2E947128884 /* Pods.release.xcconfig */ = {isa = PBXFileReference; includeInIndex = 1; lastKnownFileType = text.xcconfig; name = Pods.release.xcconfig; path = "Pods/Target Support Files/Pods/Pods.release.xcconfig"; sourceTree = "<group>"; };
		C374A337BA9574433C04C3C5 /* Pods.debug.xcconfig */ = {isa = PBXFileReference; includeInIndex = 1; lastKnownFileType = text.xcconfig; name = Pods.debug.xcconfig; path = "Pods/Target Support Files/Pods/Pods.debug.xcconfig"; sourceTree = "<group>"; };
/* End PBXFileReference section */

/* Begin PBXFrameworksBuildPhase section */
		19C8B79A1C9C47660044D0C3 /* Frameworks */ = {
			isa = PBXFrameworksBuildPhase;
			buildActionMask = 2147483647;
			files = (
				E8BBEB2AEE6786848DA8F7D9 /* libPods.a in Frameworks */,
			);
			runOnlyForDeploymentPostprocessing = 0;
		};
/* End PBXFrameworksBuildPhase section */

/* Begin PBXGroup section */
		13555138E36DC8D4480F53FC /* Pods */ = {
			isa = PBXGroup;
			children = (
				C374A337BA9574433C04C3C5 /* Pods.debug.xcconfig */,
				BFEC5CD80932C2E947128884 /* Pods.release.xcconfig */,
			);
			name = Pods;
			sourceTree = "<group>";
		};
		1969914A1CA2B72E0042350A /* AppUI */ = {
			isa = PBXGroup;
			children = (
				1969914B1CA2B72E0042350A /* BaseVC */,
			);
			path = AppUI;
			sourceTree = "<group>";
		};
		1969914B1CA2B72E0042350A /* BaseVC */ = {
			isa = PBXGroup;
			children = (
				1969914C1CA2B72E0042350A /* Login */,
				196991621CA2B72E0042350A /* MyInfo */,
				1969914F1CA2B72E0042350A /* MyAddrees */,
				196991901CA2B72E0042350A /* MyOrder */,
			);
			path = BaseVC;
			sourceTree = "<group>";
		};
		1969914C1CA2B72E0042350A /* Login */ = {
			isa = PBXGroup;
			children = (
				1969914D1CA2B72E0042350A /* LoginVC.h */,
				1969914E1CA2B72E0042350A /* LoginVC.m */,
			);
			path = Login;
			sourceTree = "<group>";
		};
		1969914F1CA2B72E0042350A /* MyAddrees */ = {
			isa = PBXGroup;
			children = (
				196991581CA2B72E0042350A /* Controller */,
				196991501CA2B72E0042350A /* Cell */,
				1969915D1CA2B72E0042350A /* Model */,
			);
			path = MyAddrees;
			sourceTree = "<group>";
		};
		196991501CA2B72E0042350A /* Cell */ = {
			isa = PBXGroup;
			children = (
				196991511CA2B72E0042350A /* AddAddressCell.h */,
				196991521CA2B72E0042350A /* AddAddressCell.m */,
				196991531CA2B72E0042350A /* AddressToolBar.h */,
				196991541CA2B72E0042350A /* AddressToolBar.m */,
				196991551CA2B72E0042350A /* AddressToolBar.xib */,
				196991561CA2B72E0042350A /* MyAddressCell.h */,
				196991571CA2B72E0042350A /* MyAddressCell.m */,
			);
			path = Cell;
			sourceTree = "<group>";
		};
		196991581CA2B72E0042350A /* Controller */ = {
			isa = PBXGroup;
			children = (
				196991591CA2B72E0042350A /* AddAddressVC.h */,
				1969915A1CA2B72E0042350A /* AddAddressVC.m */,
				1969915B1CA2B72E0042350A /* MyAddressVC.h */,
				1969915C1CA2B72E0042350A /* MyAddressVC.m */,
			);
			path = Controller;
			sourceTree = "<group>";
		};
		1969915D1CA2B72E0042350A /* Model */ = {
			isa = PBXGroup;
			children = (
				1969915E1CA2B72E0042350A /* MyAddress.h */,
				1969915F1CA2B72E0042350A /* MyAddress.m */,
				196991601CA2B72E0042350A /* MyAddressFrame.h */,
				196991611CA2B72E0042350A /* MyAddressFrame.m */,
			);
			path = Model;
			sourceTree = "<group>";
		};
		196991621CA2B72E0042350A /* MyInfo */ = {
			isa = PBXGroup;
			children = (
				196991681CA2B72E0042350A /* Base */,
				1969917A1CA2B72E0042350A /* Personal */,
				196991631CA2B72E0042350A /* AddBaby */,
				1969916F1CA2B72E0042350A /* Birthday */,
				196991741CA2B72E0042350A /* ModifyBabyInfo */,
				196991751CA2B72E0042350A /* ModifyName */,
				1969918D1CA2B72E0042350A /* Sex */,
			);
			path = MyInfo;
			sourceTree = "<group>";
		};
		196991631CA2B72E0042350A /* AddBaby */ = {
			isa = PBXGroup;
			children = (
				196991641CA2B72E0042350A /* AddBabyVC.h */,
				196991651CA2B72E0042350A /* AddBabyVC.m */,
				196991661CA2B72E0042350A /* BabyAddInfoCell.h */,
				196991671CA2B72E0042350A /* BabyAddInfoCell.m */,
			);
			path = AddBaby;
			sourceTree = "<group>";
		};
		196991681CA2B72E0042350A /* Base */ = {
			isa = PBXGroup;
			children = (
				196991691CA2B72E0042350A /* BaseCell.h */,
				1969916A1CA2B72E0042350A /* BaseCell.m */,
				1969916B1CA2B72E0042350A /* BaseVC.h */,
				1969916C1CA2B72E0042350A /* BaseVC.m */,
				1969916D1CA2B72E0042350A /* CustomNavgationButtonVC.h */,
				1969916E1CA2B72E0042350A /* CustomNavgationButtonVC.m */,
			);
			path = Base;
			sourceTree = "<group>";
		};
		1969916F1CA2B72E0042350A /* Birthday */ = {
			isa = PBXGroup;
			children = (
				196991701CA2B72E0042350A /* BirthdayCell.h */,
				196991711CA2B72E0042350A /* BirthdayCell.m */,
				196991721CA2B72E0042350A /* BirthdayVC.h */,
				196991731CA2B72E0042350A /* BirthdayVC.m */,
			);
			path = Birthday;
			sourceTree = "<group>";
		};
		196991741CA2B72E0042350A /* ModifyBabyInfo */ = {
			isa = PBXGroup;
			children = (
			);
			path = ModifyBabyInfo;
			sourceTree = "<group>";
		};
		196991751CA2B72E0042350A /* ModifyName */ = {
			isa = PBXGroup;
			children = (
				196991761CA2B72E0042350A /* ModifyNameCell.h */,
				196991771CA2B72E0042350A /* ModifyNameCell.m */,
				196991781CA2B72E0042350A /* ModifyNameVC.h */,
				196991791CA2B72E0042350A /* ModifyNameVC.m */,
			);
			path = ModifyName;
			sourceTree = "<group>";
		};
		1969917A1CA2B72E0042350A /* Personal */ = {
			isa = PBXGroup;
			children = (
				196991881CA2B72E0042350A /* Controller */,
				1969917B1CA2B72E0042350A /* Cell */,
			);
			path = Personal;
			sourceTree = "<group>";
		};
		1969917B1CA2B72E0042350A /* Cell */ = {
			isa = PBXGroup;
			children = (
				1969917C1CA2B72E0042350A /* AlertSheetView.h */,
				1969917D1CA2B72E0042350A /* AlertSheetView.m */,
				1969917E1CA2B72E0042350A /* BabyDetailsCell.h */,
				1969917F1CA2B72E0042350A /* BabyDetailsCell.m */,
				196991801CA2B72E0042350A /* MamaAvatarCell.h */,
				196991811CA2B72E0042350A /* MamaAvatarCell.m */,
				196991821CA2B72E0042350A /* MamaInfoCell.h */,
				196991831CA2B72E0042350A /* MamaInfoCell.m */,
				196991841CA2B72E0042350A /* PersonalCenterCell.h */,
				196991851CA2B72E0042350A /* PersonalCenterCell.m */,
				196991861CA2B72E0042350A /* PersonalInfoCell.h */,
				196991871CA2B72E0042350A /* PersonalInfoCell.m */,
			);
			path = Cell;
			sourceTree = "<group>";
		};
		196991881CA2B72E0042350A /* Controller */ = {
			isa = PBXGroup;
			children = (
				196991891CA2B72E0042350A /* PersonalCenterVC.h */,
				1969918A1CA2B72E0042350A /* PersonalCenterVC.m */,
				1969918B1CA2B72E0042350A /* PersonalInfoVC.h */,
				1969918C1CA2B72E0042350A /* PersonalInfoVC.m */,
			);
			path = Controller;
			sourceTree = "<group>";
		};
		1969918D1CA2B72E0042350A /* Sex */ = {
			isa = PBXGroup;
			children = (
				1969918E1CA2B72E0042350A /* BabySexVC.h */,
				1969918F1CA2B72E0042350A /* BabySexVC.m */,
			);
			path = Sex;
			sourceTree = "<group>";
		};
		196991901CA2B72E0042350A /* MyOrder */ = {
			isa = PBXGroup;
			children = (
				196991911CA2B72E0042350A /* MyOrder.h */,
				196991921CA2B72E0042350A /* MyOrder.m */,
				196991931CA2B72E0042350A /* MyOrderCell.h */,
				196991941CA2B72E0042350A /* MyOrderCell.m */,
				196991951CA2B72E0042350A /* MyOrderVC.h */,
				196991961CA2B72E0042350A /* MyOrderVC.m */,
			);
			path = MyOrder;
			sourceTree = "<group>";
		};
		199CF7041CA27A3800F01233 /* NSString+Extension */ = {
			isa = PBXGroup;
			children = (
				199CF7051CA27A3800F01233 /* NSString+Extension.h */,
				199CF7061CA27A3800F01233 /* NSString+Extension.m */,
			);
			path = "NSString+Extension";
			sourceTree = "<group>";
		};
		19C8B7941C9C47660044D0C3 = {
			isa = PBXGroup;
			children = (
				19C8B79F1C9C47660044D0C3 /* TestLanding */,
				19C8B79E1C9C47660044D0C3 /* Products */,
				13555138E36DC8D4480F53FC /* Pods */,
				D2B999AF3FF06A5A3228B62F /* Frameworks */,
			);
			sourceTree = "<group>";
		};
		19C8B79E1C9C47660044D0C3 /* Products */ = {
			isa = PBXGroup;
			children = (
				19C8B79D1C9C47660044D0C3 /* TestLanding.app */,
			);
			name = Products;
			sourceTree = "<group>";
		};
		19C8B79F1C9C47660044D0C3 /* TestLanding */ = {
			isa = PBXGroup;
			children = (
				19C8B7A31C9C47660044D0C3 /* AppDelegate.h */,
				19C8B7A41C9C47660044D0C3 /* AppDelegate.m */,
				19C8B8DC1CA11F2A0044D0C3 /* Utilities */,
				1969914A1CA2B72E0042350A /* AppUI */,
				19C8B8C01CA11F070044D0C3 /* Category */,
				19C8B7B71C9C48E80044D0C3 /* Basics */,
				19C8B7A91C9C47660044D0C3 /* Main.storyboard */,
				19C8B7AC1C9C47660044D0C3 /* Assets.xcassets */,
				19C8B7AE1C9C47660044D0C3 /* LaunchScreen.storyboard */,
				19C8B7B11C9C47660044D0C3 /* Info.plist */,
				19C8B7A01C9C47660044D0C3 /* Supporting Files */,
			);
			path = TestLanding;
			sourceTree = "<group>";
		};
		19C8B7A01C9C47660044D0C3 /* Supporting Files */ = {
			isa = PBXGroup;
			children = (
				19C8B7A11C9C47660044D0C3 /* main.m */,
			);
			name = "Supporting Files";
			sourceTree = "<group>";
		};
		19C8B7B71C9C48E80044D0C3 /* Basics */ = {
			isa = PBXGroup;
			children = (
				19C8B7E21C9D575D0044D0C3 /* HttpTool.h */,
				19C8B7E31C9D575D0044D0C3 /* HttpTool.m */,
				19C8B8531C9F98040044D0C3 /* Personal */,
				19C8B8141C9E850F0044D0C3 /* PersonalInfo */,
			);
			path = Basics;
			sourceTree = "<group>";
		};
		19C8B8141C9E850F0044D0C3 /* PersonalInfo */ = {
			isa = PBXGroup;
			children = (
				19C8B81B1C9E850F0044D0C3 /* PersonalCenter.h */,
				19C8B81C1C9E850F0044D0C3 /* PersonalCenter.m */,
				19C8B9951CA12F660044D0C3 /* MeInfoItem.h */,
				19C8B9961CA12F660044D0C3 /* MeInfoItem.m */,
				19C8B8151C9E850F0044D0C3 /* MeBabyInfoItem.h */,
				19C8B8161C9E850F0044D0C3 /* MeBabyInfoItem.m */,
				19C8B8191C9E850F0044D0C3 /* MeLableItem.h */,
				19C8B81A1C9E850F0044D0C3 /* MeLableItem.m */,
			);
			path = PersonalInfo;
			sourceTree = "<group>";
		};
		19C8B8531C9F98040044D0C3 /* Personal */ = {
			isa = PBXGroup;
			children = (
				19C8B8581C9F98040044D0C3 /* PersonBase.h */,
				19C8B8591C9F98040044D0C3 /* PersonBase.m */,
				19C8B8561C9F98040044D0C3 /* Mother.h */,
				19C8B8571C9F98040044D0C3 /* Mother.m */,
				19C8B8541C9F98040044D0C3 /* Baby.h */,
				19C8B8551C9F98040044D0C3 /* Baby.m */,
			);
			path = Personal;
			sourceTree = "<group>";
		};
		19C8B8C01CA11F070044D0C3 /* Category */ = {
			isa = PBXGroup;
			children = (
				199CF7041CA27A3800F01233 /* NSString+Extension */,
				19C8B8C11CA11F070044D0C3 /* enum */,
				19C8B8C31CA11F070044D0C3 /* ModifyMeInfoTool */,
				19C8B8C61CA11F070044D0C3 /* NSString+Safe */,
				19C8B9B51CA197740044D0C3 /* UIImage+Extension */,
			);
			path = Category;
			sourceTree = "<group>";
		};
		19C8B8C11CA11F070044D0C3 /* enum */ = {
			isa = PBXGroup;
			children = (
				19C8B8C21CA11F070044D0C3 /* Gender.h */,
			);
			path = enum;
			sourceTree = "<group>";
		};
		19C8B8C31CA11F070044D0C3 /* ModifyMeInfoTool */ = {
			isa = PBXGroup;
			children = (
				19C8B8C41CA11F070044D0C3 /* ModifyMeInfoTool.h */,
				19C8B8C51CA11F070044D0C3 /* ModifyMeInfoTool.m */,
			);
			path = ModifyMeInfoTool;
			sourceTree = "<group>";
		};
		19C8B8C61CA11F070044D0C3 /* NSString+Safe */ = {
			isa = PBXGroup;
			children = (
				19C8B8C71CA11F070044D0C3 /* NSString+Safe.h */,
				19C8B8C81CA11F070044D0C3 /* NSString+Safe.m */,
			);
			path = "NSString+Safe";
			sourceTree = "<group>";
		};
		19C8B8DC1CA11F2A0044D0C3 /* Utilities */ = {
			isa = PBXGroup;
			children = (
				19C8B94A1CA128BA0044D0C3 /* ConstMacro.h */,
				19C8B94B1CA128BA0044D0C3 /* URLMacro.h */,
				19C8B94C1CA128BA0044D0C3 /* VenderMacro.h */,
			);
			path = Utilities;
			sourceTree = "<group>";
		};
		19C8B9B51CA197740044D0C3 /* UIImage+Extension */ = {
			isa = PBXGroup;
			children = (
				19C8B9B61CA197740044D0C3 /* UIImage+Extension.h */,
				19C8B9B71CA197740044D0C3 /* UIImage+Extension.m */,
			);
			path = "UIImage+Extension";
			sourceTree = "<group>";
		};
		D2B999AF3FF06A5A3228B62F /* Frameworks */ = {
			isa = PBXGroup;
			children = (
				4BAEB6C4966ACADBEAB3DBAD /* libPods.a */,
			);
			name = Frameworks;
			sourceTree = "<group>";
		};
/* End PBXGroup section */

/* Begin PBXNativeTarget section */
		19C8B79C1C9C47660044D0C3 /* TestLanding */ = {
			isa = PBXNativeTarget;
			buildConfigurationList = 19C8B7B41C9C47660044D0C3 /* Build configuration list for PBXNativeTarget "TestLanding" */;
			buildPhases = (
				C0F8B86564BCF10FB9CE1FC0 /* Check Pods Manifest.lock */,
				19C8B7991C9C47660044D0C3 /* Sources */,
				19C8B79A1C9C47660044D0C3 /* Frameworks */,
				19C8B79B1C9C47660044D0C3 /* Resources */,
				A6A969405325F071A4F21756 /* Embed Pods Frameworks */,
				10B70B2A682E63F21DDAFA9C /* Copy Pods Resources */,
			);
			buildRules = (
			);
			dependencies = (
			);
			name = TestLanding;
			productName = TestLanding;
			productReference = 19C8B79D1C9C47660044D0C3 /* TestLanding.app */;
			productType = "com.apple.product-type.application";
		};
/* End PBXNativeTarget section */

/* Begin PBXProject section */
		19C8B7951C9C47660044D0C3 /* Project object */ = {
			isa = PBXProject;
			attributes = {
				LastUpgradeCheck = 0720;
				ORGANIZATIONNAME = yeyy;
				TargetAttributes = {
					19C8B79C1C9C47660044D0C3 = {
						CreatedOnToolsVersion = 7.2.1;
						DevelopmentTeam = A442YRU76T;
					};
				};
			};
			buildConfigurationList = 19C8B7981C9C47660044D0C3 /* Build configuration list for PBXProject "TestLanding" */;
			compatibilityVersion = "Xcode 3.2";
			developmentRegion = English;
			hasScannedForEncodings = 0;
			knownRegions = (
				en,
				Base,
			);
			mainGroup = 19C8B7941C9C47660044D0C3;
			productRefGroup = 19C8B79E1C9C47660044D0C3 /* Products */;
			projectDirPath = "";
			projectRoot = "";
			targets = (
				19C8B79C1C9C47660044D0C3 /* TestLanding */,
			);
		};
/* End PBXProject section */

/* Begin PBXResourcesBuildPhase section */
		19C8B79B1C9C47660044D0C3 /* Resources */ = {
			isa = PBXResourcesBuildPhase;
			buildActionMask = 2147483647;
			files = (
				1969919A1CA2B72E0042350A /* AddressToolBar.xib in Resources */,
				19C8B7B01C9C47660044D0C3 /* LaunchScreen.storyboard in Resources */,
				19C8B7AD1C9C47660044D0C3 /* Assets.xcassets in Resources */,
				19C8B7AB1C9C47660044D0C3 /* Main.storyboard in Resources */,
			);
			runOnlyForDeploymentPostprocessing = 0;
		};
/* End PBXResourcesBuildPhase section */

/* Begin PBXShellScriptBuildPhase section */
		10B70B2A682E63F21DDAFA9C /* Copy Pods Resources */ = {
			isa = PBXShellScriptBuildPhase;
			buildActionMask = 2147483647;
			files = (
			);
			inputPaths = (
			);
			name = "Copy Pods Resources";
			outputPaths = (
			);
			runOnlyForDeploymentPostprocessing = 0;
			shellPath = /bin/sh;
			shellScript = "\"${SRCROOT}/Pods/Target Support Files/Pods/Pods-resources.sh\"\n";
			showEnvVarsInLog = 0;
		};
		A6A969405325F071A4F21756 /* Embed Pods Frameworks */ = {
			isa = PBXShellScriptBuildPhase;
			buildActionMask = 2147483647;
			files = (
			);
			inputPaths = (
			);
			name = "Embed Pods Frameworks";
			outputPaths = (
			);
			runOnlyForDeploymentPostprocessing = 0;
			shellPath = /bin/sh;
			shellScript = "\"${SRCROOT}/Pods/Target Support Files/Pods/Pods-frameworks.sh\"\n";
			showEnvVarsInLog = 0;
		};
		C0F8B86564BCF10FB9CE1FC0 /* Check Pods Manifest.lock */ = {
			isa = PBXShellScriptBuildPhase;
			buildActionMask = 2147483647;
			files = (
			);
			inputPaths = (
			);
			name = "Check Pods Manifest.lock";
			outputPaths = (
			);
			runOnlyForDeploymentPostprocessing = 0;
			shellPath = /bin/sh;
			shellScript = "diff \"${PODS_ROOT}/../Podfile.lock\" \"${PODS_ROOT}/Manifest.lock\" > /dev/null\nif [[ $? != 0 ]] ; then\n    cat << EOM\nerror: The sandbox is not in sync with the Podfile.lock. Run 'pod install' or update your CocoaPods installation.\nEOM\n    exit 1\nfi\n";
			showEnvVarsInLog = 0;
		};
/* End PBXShellScriptBuildPhase section */

/* Begin PBXSourcesBuildPhase section */
		19C8B7991C9C47660044D0C3 /* Sources */ = {
			isa = PBXSourcesBuildPhase;
			buildActionMask = 2147483647;
			files = (
				196991A51CA2B72E0042350A /* BirthdayCell.m in Sources */,
				1969919F1CA2B72E0042350A /* MyAddressFrame.m in Sources */,
				19C8B8221C9E850F0044D0C3 /* PersonalCenter.m in Sources */,
				19C8B8DA1CA11F070044D0C3 /* ModifyMeInfoTool.m in Sources */,
				196991A31CA2B72E0042350A /* BaseVC.m in Sources */,
				196991971CA2B72E0042350A /* LoginVC.m in Sources */,
				199CF7071CA27A3800F01233 /* NSString+Extension.m in Sources */,
				19C8B85C1C9F98040044D0C3 /* PersonBase.m in Sources */,
				19C8B8211C9E850F0044D0C3 /* MeLableItem.m in Sources */,
				196991A21CA2B72E0042350A /* BaseCell.m in Sources */,
				1969919B1CA2B72E0042350A /* MyAddressCell.m in Sources */,
				196991B01CA2B72E0042350A /* PersonalInfoVC.m in Sources */,
				1969919E1CA2B72E0042350A /* MyAddress.m in Sources */,
				196991AB1CA2B72E0042350A /* MamaAvatarCell.m in Sources */,
				19C8B85A1C9F98040044D0C3 /* Baby.m in Sources */,
				19C8B9B81CA197740044D0C3 /* UIImage+Extension.m in Sources */,
				196991AF1CA2B72E0042350A /* PersonalCenterVC.m in Sources */,
				196991AE1CA2B72E0042350A /* PersonalInfoCell.m in Sources */,
				19C8B81F1C9E850F0044D0C3 /* MeBabyInfoItem.m in Sources */,
				196991991CA2B72E0042350A /* AddressToolBar.m in Sources */,
				19C8B85B1C9F98040044D0C3 /* Mother.m in Sources */,
				1969919C1CA2B72E0042350A /* AddAddressVC.m in Sources */,
				1969919D1CA2B72E0042350A /* MyAddressVC.m in Sources */,
				196991981CA2B72E0042350A /* AddAddressCell.m in Sources */,
				196991AC1CA2B72E0042350A /* MamaInfoCell.m in Sources */,
				19C8B8DB1CA11F070044D0C3 /* NSString+Safe.m in Sources */,
				196991A61CA2B72E0042350A /* BirthdayVC.m in Sources */,
				196991AD1CA2B72E0042350A /* PersonalCenterCell.m in Sources */,
				19C8B7A51C9C47660044D0C3 /* AppDelegate.m in Sources */,
				196991A91CA2B72E0042350A /* AlertSheetView.m in Sources */,
				196991B41CA2B72E0042350A /* MyOrderVC.m in Sources */,
				196991A41CA2B72E0042350A /* CustomNavgationButtonVC.m in Sources */,
				19C8B7A21C9C47660044D0C3 /* main.m in Sources */,
				196991B21CA2B72E0042350A /* MyOrder.m in Sources */,
				196991A01CA2B72E0042350A /* AddBabyVC.m in Sources */,
				196991A81CA2B72E0042350A /* ModifyNameVC.m in Sources */,
				196991AA1CA2B72E0042350A /* BabyDetailsCell.m in Sources */,
				196991A71CA2B72E0042350A /* ModifyNameCell.m in Sources */,
				19C8B7E41C9D575D0044D0C3 /* HttpTool.m in Sources */,
				196991B11CA2B72E0042350A /* BabySexVC.m in Sources */,
				19C8B9971CA12F660044D0C3 /* MeInfoItem.m in Sources */,
				196991B31CA2B72E0042350A /* MyOrderCell.m in Sources */,
				196991A11CA2B72E0042350A /* BabyAddInfoCell.m in Sources */,
			);
			runOnlyForDeploymentPostprocessing = 0;
		};
/* End PBXSourcesBuildPhase section */

/* Begin PBXVariantGroup section */
		19C8B7A91C9C47660044D0C3 /* Main.storyboard */ = {
			isa = PBXVariantGroup;
			children = (
				19C8B7AA1C9C47660044D0C3 /* Base */,
			);
			name = Main.storyboard;
			sourceTree = "<group>";
		};
		19C8B7AE1C9C47660044D0C3 /* LaunchScreen.storyboard */ = {
			isa = PBXVariantGroup;
			children = (
				19C8B7AF1C9C47660044D0C3 /* Base */,
			);
			name = LaunchScreen.storyboard;
			sourceTree = "<group>";
		};
/* End PBXVariantGroup section */

/* Begin XCBuildConfiguration section */
		19C8B7B21C9C47660044D0C3 /* Debug */ = {
			isa = XCBuildConfiguration;
			buildSettings = {
				ALWAYS_SEARCH_USER_PATHS = NO;
				CLANG_CXX_LANGUAGE_STANDARD = "gnu++0x";
				CLANG_CXX_LIBRARY = "libc++";
				CLANG_ENABLE_MODULES = YES;
				CLANG_ENABLE_OBJC_ARC = YES;
				CLANG_WARN_BOOL_CONVERSION = YES;
				CLANG_WARN_CONSTANT_CONVERSION = YES;
				CLANG_WARN_DIRECT_OBJC_ISA_USAGE = YES_ERROR;
				CLANG_WARN_EMPTY_BODY = YES;
				CLANG_WARN_ENUM_CONVERSION = YES;
				CLANG_WARN_INT_CONVERSION = YES;
				CLANG_WARN_OBJC_ROOT_CLASS = YES_ERROR;
				CLANG_WARN_UNREACHABLE_CODE = YES;
				CLANG_WARN__DUPLICATE_METHOD_MATCH = YES;
				"CODE_SIGN_IDENTITY[sdk=iphoneos*]" = "iPhone Developer";
				COPY_PHASE_STRIP = NO;
				DEBUG_INFORMATION_FORMAT = dwarf;
				ENABLE_STRICT_OBJC_MSGSEND = YES;
				ENABLE_TESTABILITY = YES;
				GCC_C_LANGUAGE_STANDARD = gnu99;
				GCC_DYNAMIC_NO_PIC = NO;
				GCC_NO_COMMON_BLOCKS = YES;
				GCC_OPTIMIZATION_LEVEL = 0;
				GCC_PRECOMPILE_PREFIX_HEADER = NO;
				GCC_PREPROCESSOR_DEFINITIONS = (
					"DEBUG=1",
					"$(inherited)",
				);
				GCC_WARN_64_TO_32_BIT_CONVERSION = YES;
				GCC_WARN_ABOUT_RETURN_TYPE = YES_ERROR;
				GCC_WARN_UNDECLARED_SELECTOR = YES;
				GCC_WARN_UNINITIALIZED_AUTOS = YES_AGGRESSIVE;
				GCC_WARN_UNUSED_FUNCTION = YES;
				GCC_WARN_UNUSED_VARIABLE = YES;
				IPHONEOS_DEPLOYMENT_TARGET = 9.2;
				MTL_ENABLE_DEBUG_INFO = YES;
				ONLY_ACTIVE_ARCH = YES;
				SDKROOT = iphoneos;
			};
			name = Debug;
		};
		19C8B7B31C9C47660044D0C3 /* Release */ = {
			isa = XCBuildConfiguration;
			buildSettings = {
				ALWAYS_SEARCH_USER_PATHS = NO;
				CLANG_CXX_LANGUAGE_STANDARD = "gnu++0x";
				CLANG_CXX_LIBRARY = "libc++";
				CLANG_ENABLE_MODULES = YES;
				CLANG_ENABLE_OBJC_ARC = YES;
				CLANG_WARN_BOOL_CONVERSION = YES;
				CLANG_WARN_CONSTANT_CONVERSION = YES;
				CLANG_WARN_DIRECT_OBJC_ISA_USAGE = YES_ERROR;
				CLANG_WARN_EMPTY_BODY = YES;
				CLANG_WARN_ENUM_CONVERSION = YES;
				CLANG_WARN_INT_CONVERSION = YES;
				CLANG_WARN_OBJC_ROOT_CLASS = YES_ERROR;
				CLANG_WARN_UNREACHABLE_CODE = YES;
				CLANG_WARN__DUPLICATE_METHOD_MATCH = YES;
				"CODE_SIGN_IDENTITY[sdk=iphoneos*]" = "iPhone Developer";
				COPY_PHASE_STRIP = NO;
				DEBUG_INFORMATION_FORMAT = "dwarf-with-dsym";
				ENABLE_NS_ASSERTIONS = NO;
				ENABLE_STRICT_OBJC_MSGSEND = YES;
				GCC_C_LANGUAGE_STANDARD = gnu99;
				GCC_NO_COMMON_BLOCKS = YES;
				GCC_PRECOMPILE_PREFIX_HEADER = NO;
				GCC_WARN_64_TO_32_BIT_CONVERSION = YES;
				GCC_WARN_ABOUT_RETURN_TYPE = YES_ERROR;
				GCC_WARN_UNDECLARED_SELECTOR = YES;
				GCC_WARN_UNINITIALIZED_AUTOS = YES_AGGRESSIVE;
				GCC_WARN_UNUSED_FUNCTION = YES;
				GCC_WARN_UNUSED_VARIABLE = YES;
				IPHONEOS_DEPLOYMENT_TARGET = 9.2;
				MTL_ENABLE_DEBUG_INFO = NO;
				SDKROOT = iphoneos;
				VALIDATE_PRODUCT = YES;
			};
			name = Release;
		};
		19C8B7B51C9C47660044D0C3 /* Debug */ = {
			isa = XCBuildConfiguration;
			baseConfigurationReference = C374A337BA9574433C04C3C5 /* Pods.debug.xcconfig */;
			buildSettings = {
				ASSETCATALOG_COMPILER_APPICON_NAME = AppIcon;
				INFOPLIST_FILE = TestLanding/Info.plist;
				LD_RUNPATH_SEARCH_PATHS = "$(inherited) @executable_path/Frameworks";
				PRODUCT_BUNDLE_IDENTIFIER = com.loufq.TestLanding;
				PRODUCT_NAME = "$(TARGET_NAME)";
			};
			name = Debug;
		};
		19C8B7B61C9C47660044D0C3 /* Release */ = {
			isa = XCBuildConfiguration;
			baseConfigurationReference = BFEC5CD80932C2E947128884 /* Pods.release.xcconfig */;
			buildSettings = {
				ASSETCATALOG_COMPILER_APPICON_NAME = AppIcon;
				INFOPLIST_FILE = TestLanding/Info.plist;
				LD_RUNPATH_SEARCH_PATHS = "$(inherited) @executable_path/Frameworks";
				PRODUCT_BUNDLE_IDENTIFIER = com.loufq.TestLanding;
				PRODUCT_NAME = "$(TARGET_NAME)";
			};
			name = Release;
		};
/* End XCBuildConfiguration section */

/* Begin XCConfigurationList section */
		19C8B7981C9C47660044D0C3 /* Build configuration list for PBXProject "TestLanding" */ = {
			isa = XCConfigurationList;
			buildConfigurations = (
				19C8B7B21C9C47660044D0C3 /* Debug */,
				19C8B7B31C9C47660044D0C3 /* Release */,
			);
			defaultConfigurationIsVisible = 0;
			defaultConfigurationName = Release;
		};
		19C8B7B41C9C47660044D0C3 /* Build configuration list for PBXNativeTarget "TestLanding" */ = {
			isa = XCConfigurationList;
			buildConfigurations = (
				19C8B7B51C9C47660044D0C3 /* Debug */,
				19C8B7B61C9C47660044D0C3 /* Release */,
			);
			defaultConfigurationIsVisible = 0;
			defaultConfigurationName = Release;
		};
/* End XCConfigurationList section */
	};
	rootObject = 19C8B7951C9C47660044D0C3 /* Project object */;
}
